// !$*UTF8*$!
{
	archiveVersion = 1;
	classes = {
	};
	objectVersion = 46;
	objects = {

/* Begin PBXBuildFile section */
		174FF06F1EF10BDA003F3DBE /* pizza.svg in Resources */ = {isa = PBXBuildFile; fileRef = 174FF06E1EF10BDA003F3DBE /* pizza.svg */; };
		176A88CF1EE9C31500764E8E /* christmas.svg in Resources */ = {isa = PBXBuildFile; fileRef = 176A88CE1EE9C31500764E8E /* christmas.svg */; };
		176BC9811EE36BC700F7B54C /* SwiftSVGiOS.framework in Frameworks */ = {isa = PBXBuildFile; fileRef = 176BC9801EE36BC700F7B54C /* SwiftSVGiOS.framework */; };
		176BC9B01EE48D3C00F7B54C /* circles.svg in Resources */ = {isa = PBXBuildFile; fileRef = 176BC9AF1EE48D3C00F7B54C /* circles.svg */; };
		176BC9B91EE49C7200F7B54C /* rectangles.svg in Resources */ = {isa = PBXBuildFile; fileRef = 176BC9B81EE49C7200F7B54C /* rectangles.svg */; };
		176BC9BA1EE49C7200F7B54C /* rectangles.svg in Resources */ = {isa = PBXBuildFile; fileRef = 176BC9B81EE49C7200F7B54C /* rectangles.svg */; };
		176BC9BF1EE4BC6400F7B54C /* ViewSVGViewController.swift in Sources */ = {isa = PBXBuildFile; fileRef = 176BC9BE1EE4BC6400F7B54C /* ViewSVGViewController.swift */; };
		176BC9C01EE4BC6400F7B54C /* ViewSVGViewController.swift in Sources */ = {isa = PBXBuildFile; fileRef = 176BC9BE1EE4BC6400F7B54C /* ViewSVGViewController.swift */; };
		176BC9C71EE4C1AB00F7B54C /* ellipses.svg in Resources */ = {isa = PBXBuildFile; fileRef = 176BC9C61EE4C1AB00F7B54C /* ellipses.svg */; };
		176BC9C81EE4C1AB00F7B54C /* ellipses.svg in Resources */ = {isa = PBXBuildFile; fileRef = 176BC9C61EE4C1AB00F7B54C /* ellipses.svg */; };
		176BC9CD1EE4C44E00F7B54C /* lines.svg in Resources */ = {isa = PBXBuildFile; fileRef = 176BC9CC1EE4C44E00F7B54C /* lines.svg */; };
		176BC9CE1EE4C44E00F7B54C /* lines.svg in Resources */ = {isa = PBXBuildFile; fileRef = 176BC9CC1EE4C44E00F7B54C /* lines.svg */; };
		176BC9FF1EE63FAB00F7B54C /* polylines.svg in Resources */ = {isa = PBXBuildFile; fileRef = 176BC9FE1EE63FAB00F7B54C /* polylines.svg */; };
		17D5707F1E1F4EC3007CED68 /* SwiftSVGMac.framework in Frameworks */ = {isa = PBXBuildFile; fileRef = 17D5707E1E1F4EC3007CED68 /* SwiftSVGMac.framework */; };
		17D570801E1F4EC3007CED68 /* SwiftSVGMac.framework in Embed Frameworks */ = {isa = PBXBuildFile; fileRef = 17D5707E1E1F4EC3007CED68 /* SwiftSVGMac.framework */; settings = {ATTRIBUTES = (CodeSignOnCopy, RemoveHeadersOnCopy, ); }; };
		381E99C31EFA0DC400839918 /* polygons.svg in Resources */ = {isa = PBXBuildFile; fileRef = 381E99C21EFA0DC400839918 /* polygons.svg */; };
		38A1CE101EF77A0F00D2E54E /* triangle.svg in Resources */ = {isa = PBXBuildFile; fileRef = 38A1CE0F1EF77A0F00D2E54E /* triangle.svg */; };
		8AC4DBC01CB37DB800137DC9 /* AppDelegate.swift in Sources */ = {isa = PBXBuildFile; fileRef = 8AC4DBBF1CB37DB800137DC9 /* AppDelegate.swift */; };
		8AC4DBC21CB37DB800137DC9 /* ViewController.swift in Sources */ = {isa = PBXBuildFile; fileRef = 8AC4DBC11CB37DB800137DC9 /* ViewController.swift */; };
		8AC4DBC51CB37DB800137DC9 /* Main.storyboard in Resources */ = {isa = PBXBuildFile; fileRef = 8AC4DBC31CB37DB800137DC9 /* Main.storyboard */; };
		8AC4DBC71CB37DB800137DC9 /* Assets.xcassets in Resources */ = {isa = PBXBuildFile; fileRef = 8AC4DBC61CB37DB800137DC9 /* Assets.xcassets */; };
		8AC4DBCA1CB37DB800137DC9 /* LaunchScreen.storyboard in Resources */ = {isa = PBXBuildFile; fileRef = 8AC4DBC81CB37DB800137DC9 /* LaunchScreen.storyboard */; };
		8AC4DBD61CB37DC600137DC9 /* AppDelegate.swift in Sources */ = {isa = PBXBuildFile; fileRef = 8AC4DBD51CB37DC600137DC9 /* AppDelegate.swift */; };
		8AC4DBD81CB37DC600137DC9 /* ViewController.swift in Sources */ = {isa = PBXBuildFile; fileRef = 8AC4DBD71CB37DC600137DC9 /* ViewController.swift */; };
		8AC4DBDA1CB37DC600137DC9 /* Assets.xcassets in Resources */ = {isa = PBXBuildFile; fileRef = 8AC4DBD91CB37DC600137DC9 /* Assets.xcassets */; };
		8AC4DBDD1CB37DC600137DC9 /* Main.storyboard in Resources */ = {isa = PBXBuildFile; fileRef = 8AC4DBDB1CB37DC600137DC9 /* Main.storyboard */; };
		8AC4DBE81CB37E2800137DC9 /* hawaiiFlowers.svg in Resources */ = {isa = PBXBuildFile; fileRef = 8AC4DBE71CB37E2800137DC9 /* hawaiiFlowers.svg */; };
		8AC4DBEC1CB37F7700137DC9 /* hawaiiFlowers.svg in Resources */ = {isa = PBXBuildFile; fileRef = 8AC4DBE71CB37E2800137DC9 /* hawaiiFlowers.svg */; };
/* End PBXBuildFile section */

/* Begin PBXCopyFilesBuildPhase section */
		17D5707D1E1F4EBA007CED68 /* Embed Frameworks */ = {
			isa = PBXCopyFilesBuildPhase;
			buildActionMask = 2147483647;
			dstPath = "";
			dstSubfolderSpec = 10;
			files = (
			);
			name = "Embed Frameworks";
			runOnlyForDeploymentPostprocessing = 0;
		};
		17D570811E1F4EC3007CED68 /* Embed Frameworks */ = {
			isa = PBXCopyFilesBuildPhase;
			buildActionMask = 2147483647;
			dstPath = "";
			dstSubfolderSpec = 10;
			files = (
				17D570801E1F4EC3007CED68 /* SwiftSVGMac.framework in Embed Frameworks */,
			);
			name = "Embed Frameworks";
			runOnlyForDeploymentPostprocessing = 0;
		};
/* End PBXCopyFilesBuildPhase section */

/* Begin PBXFileReference section */
		174FF06E1EF10BDA003F3DBE /* pizza.svg */ = {isa = PBXFileReference; fileEncoding = 4; lastKnownFileType = text.xml; path = pizza.svg; sourceTree = "<group>"; };
		176A88CE1EE9C31500764E8E /* christmas.svg */ = {isa = PBXFileReference; fileEncoding = 4; lastKnownFileType = text.xml; path = christmas.svg; sourceTree = "<group>"; };
		176BC9801EE36BC700F7B54C /* SwiftSVGiOS.framework */ = {isa = PBXFileReference; lastKnownFileType = wrapper.framework; name = SwiftSVGiOS.framework; path = "../../../../../Library/Developer/Xcode/DerivedData/SwiftSVG-cttiidwkfbxdynddtanvdrugfivm/Build/Products/Debug-iphonesimulator/SwiftSVGiOS.framework"; sourceTree = "<group>"; };
		176BC9AF1EE48D3C00F7B54C /* circles.svg */ = {isa = PBXFileReference; fileEncoding = 4; lastKnownFileType = text; path = circles.svg; sourceTree = "<group>"; };
		176BC9B81EE49C7200F7B54C /* rectangles.svg */ = {isa = PBXFileReference; fileEncoding = 4; lastKnownFileType = text; path = rectangles.svg; sourceTree = "<group>"; };
		176BC9BE1EE4BC6400F7B54C /* ViewSVGViewController.swift */ = {isa = PBXFileReference; fileEncoding = 4; lastKnownFileType = sourcecode.swift; path = ViewSVGViewController.swift; sourceTree = "<group>"; };
		176BC9C61EE4C1AB00F7B54C /* ellipses.svg */ = {isa = PBXFileReference; fileEncoding = 4; lastKnownFileType = text; path = ellipses.svg; sourceTree = "<group>"; };
		176BC9CC1EE4C44E00F7B54C /* lines.svg */ = {isa = PBXFileReference; fileEncoding = 4; lastKnownFileType = text; path = lines.svg; sourceTree = "<group>"; };
		176BC9FE1EE63FAB00F7B54C /* polylines.svg */ = {isa = PBXFileReference; fileEncoding = 4; lastKnownFileType = text; path = polylines.svg; sourceTree = "<group>"; };
		17D5707E1E1F4EC3007CED68 /* SwiftSVGMac.framework */ = {isa = PBXFileReference; explicitFileType = wrapper.framework; path = SwiftSVGMac.framework; sourceTree = BUILT_PRODUCTS_DIR; };
		381E99C21EFA0DC400839918 /* polygons.svg */ = {isa = PBXFileReference; fileEncoding = 4; lastKnownFileType = text.xml; path = polygons.svg; sourceTree = "<group>"; };
		38A1CE0F1EF77A0F00D2E54E /* triangle.svg */ = {isa = PBXFileReference; fileEncoding = 4; lastKnownFileType = text.xml; path = triangle.svg; sourceTree = "<group>"; };
		8AC4DBBD1CB37DB800137DC9 /* SwiftSVGExampleiOS.app */ = {isa = PBXFileReference; explicitFileType = wrapper.application; includeInIndex = 0; path = SwiftSVGExampleiOS.app; sourceTree = BUILT_PRODUCTS_DIR; };
		8AC4DBBF1CB37DB800137DC9 /* AppDelegate.swift */ = {isa = PBXFileReference; lastKnownFileType = sourcecode.swift; path = AppDelegate.swift; sourceTree = "<group>"; };
		8AC4DBC11CB37DB800137DC9 /* ViewController.swift */ = {isa = PBXFileReference; lastKnownFileType = sourcecode.swift; path = ViewController.swift; sourceTree = "<group>"; };
		8AC4DBC41CB37DB800137DC9 /* Base */ = {isa = PBXFileReference; lastKnownFileType = file.storyboard; name = Base; path = Base.lproj/Main.storyboard; sourceTree = "<group>"; };
		8AC4DBC61CB37DB800137DC9 /* Assets.xcassets */ = {isa = PBXFileReference; lastKnownFileType = folder.assetcatalog; path = Assets.xcassets; sourceTree = "<group>"; };
		8AC4DBC91CB37DB800137DC9 /* Base */ = {isa = PBXFileReference; lastKnownFileType = file.storyboard; name = Base; path = Base.lproj/LaunchScreen.storyboard; sourceTree = "<group>"; };
		8AC4DBCB1CB37DB800137DC9 /* Info.plist */ = {isa = PBXFileReference; lastKnownFileType = text.plist.xml; path = Info.plist; sourceTree = "<group>"; };
		8AC4DBD31CB37DC600137DC9 /* SwiftSVGExampleMac.app */ = {isa = PBXFileReference; explicitFileType = wrapper.application; includeInIndex = 0; path = SwiftSVGExampleMac.app; sourceTree = BUILT_PRODUCTS_DIR; };
		8AC4DBD51CB37DC600137DC9 /* AppDelegate.swift */ = {isa = PBXFileReference; lastKnownFileType = sourcecode.swift; path = AppDelegate.swift; sourceTree = "<group>"; };
		8AC4DBD71CB37DC600137DC9 /* ViewController.swift */ = {isa = PBXFileReference; lastKnownFileType = sourcecode.swift; path = ViewController.swift; sourceTree = "<group>"; };
		8AC4DBD91CB37DC600137DC9 /* Assets.xcassets */ = {isa = PBXFileReference; lastKnownFileType = folder.assetcatalog; path = Assets.xcassets; sourceTree = "<group>"; };
		8AC4DBDC1CB37DC600137DC9 /* Base */ = {isa = PBXFileReference; lastKnownFileType = file.storyboard; name = Base; path = Base.lproj/Main.storyboard; sourceTree = "<group>"; };
		8AC4DBDE1CB37DC600137DC9 /* Info.plist */ = {isa = PBXFileReference; lastKnownFileType = text.plist.xml; path = Info.plist; sourceTree = "<group>"; };
		8AC4DBE71CB37E2800137DC9 /* hawaiiFlowers.svg */ = {isa = PBXFileReference; fileEncoding = 4; lastKnownFileType = text.xml; path = hawaiiFlowers.svg; sourceTree = "<group>"; };
/* End PBXFileReference section */

/* Begin PBXFrameworksBuildPhase section */
		8AC4DBBA1CB37DB800137DC9 /* Frameworks */ = {
			isa = PBXFrameworksBuildPhase;
			buildActionMask = 2147483647;
			files = (
				176BC9811EE36BC700F7B54C /* SwiftSVGiOS.framework in Frameworks */,
			);
			runOnlyForDeploymentPostprocessing = 0;
		};
		8AC4DBD01CB37DC600137DC9 /* Frameworks */ = {
			isa = PBXFrameworksBuildPhase;
			buildActionMask = 2147483647;
			files = (
				17D5707F1E1F4EC3007CED68 /* SwiftSVGMac.framework in Frameworks */,
			);
			runOnlyForDeploymentPostprocessing = 0;
		};
/* End PBXFrameworksBuildPhase section */

/* Begin PBXGroup section */
		176BC97F1EE36BC700F7B54C /* Frameworks */ = {
			isa = PBXGroup;
			children = (
				176BC9801EE36BC700F7B54C /* SwiftSVGiOS.framework */,
			);
			name = Frameworks;
			sourceTree = "<group>";
		};
		8AC4DB9B1CB37D9600137DC9 = {
			isa = PBXGroup;
			children = (
				8AC4DBE61CB37E1C00137DC9 /* Resources */,
				8AC4DBBE1CB37DB800137DC9 /* SwiftSVGExampleiOS */,
				8AC4DBD41CB37DC600137DC9 /* SwiftSVGExampleMac */,
				8AC4DBA51CB37D9600137DC9 /* Products */,
				176BC97F1EE36BC700F7B54C /* Frameworks */,
			);
			sourceTree = "<group>";
		};
		8AC4DBA51CB37D9600137DC9 /* Products */ = {
			isa = PBXGroup;
			children = (
				8AC4DBBD1CB37DB800137DC9 /* SwiftSVGExampleiOS.app */,
				8AC4DBD31CB37DC600137DC9 /* SwiftSVGExampleMac.app */,
			);
			name = Products;
			sourceTree = "<group>";
		};
		8AC4DBBE1CB37DB800137DC9 /* SwiftSVGExampleiOS */ = {
			isa = PBXGroup;
			children = (
				8AC4DBBF1CB37DB800137DC9 /* AppDelegate.swift */,
				8AC4DBC11CB37DB800137DC9 /* ViewController.swift */,
				176BC9BE1EE4BC6400F7B54C /* ViewSVGViewController.swift */,
				8AC4DBC31CB37DB800137DC9 /* Main.storyboard */,
				8AC4DBC61CB37DB800137DC9 /* Assets.xcassets */,
				8AC4DBC81CB37DB800137DC9 /* LaunchScreen.storyboard */,
				8AC4DBCB1CB37DB800137DC9 /* Info.plist */,
			);
			path = SwiftSVGExampleiOS;
			sourceTree = "<group>";
		};
		8AC4DBD41CB37DC600137DC9 /* SwiftSVGExampleMac */ = {
			isa = PBXGroup;
			children = (
				17D5707E1E1F4EC3007CED68 /* SwiftSVGMac.framework */,
				8AC4DBD51CB37DC600137DC9 /* AppDelegate.swift */,
				8AC4DBD71CB37DC600137DC9 /* ViewController.swift */,
				8AC4DBD91CB37DC600137DC9 /* Assets.xcassets */,
				8AC4DBDB1CB37DC600137DC9 /* Main.storyboard */,
				8AC4DBDE1CB37DC600137DC9 /* Info.plist */,
			);
			path = SwiftSVGExampleMac;
			sourceTree = "<group>";
		};
		8AC4DBE61CB37E1C00137DC9 /* Resources */ = {
			isa = PBXGroup;
			children = (
				176A88CE1EE9C31500764E8E /* christmas.svg */,
				176BC9AF1EE48D3C00F7B54C /* circles.svg */,
				176BC9C61EE4C1AB00F7B54C /* ellipses.svg */,
				174FF06E1EF10BDA003F3DBE /* pizza.svg */,
				176BC9FE1EE63FAB00F7B54C /* polylines.svg */,
				381E99C21EFA0DC400839918 /* polygons.svg */,
				8AC4DBE71CB37E2800137DC9 /* hawaiiFlowers.svg */,
				176BC9CC1EE4C44E00F7B54C /* lines.svg */,
				176BC9B81EE49C7200F7B54C /* rectangles.svg */,
				38A1CE0F1EF77A0F00D2E54E /* triangle.svg */,
			);
			name = Resources;
			sourceTree = "<group>";
		};
/* End PBXGroup section */

/* Begin PBXNativeTarget section */
		8AC4DBBC1CB37DB800137DC9 /* SwiftSVGExampleiOS */ = {
			isa = PBXNativeTarget;
			buildConfigurationList = 8AC4DBCE1CB37DB800137DC9 /* Build configuration list for PBXNativeTarget "SwiftSVGExampleiOS" */;
			buildPhases = (
				8AC4DBB91CB37DB800137DC9 /* Sources */,
				8AC4DBBA1CB37DB800137DC9 /* Frameworks */,
				8AC4DBBB1CB37DB800137DC9 /* Resources */,
				17D5707D1E1F4EBA007CED68 /* Embed Frameworks */,
			);
			buildRules = (
			);
			dependencies = (
			);
			name = SwiftSVGExampleiOS;
			productName = SwiftSVGExampleiOS;
			productReference = 8AC4DBBD1CB37DB800137DC9 /* SwiftSVGExampleiOS.app */;
			productType = "com.apple.product-type.application";
		};
		8AC4DBD21CB37DC600137DC9 /* SwiftSVGExampleMac */ = {
			isa = PBXNativeTarget;
			buildConfigurationList = 8AC4DBDF1CB37DC600137DC9 /* Build configuration list for PBXNativeTarget "SwiftSVGExampleMac" */;
			buildPhases = (
				8AC4DBCF1CB37DC600137DC9 /* Sources */,
				8AC4DBD01CB37DC600137DC9 /* Frameworks */,
				8AC4DBD11CB37DC600137DC9 /* Resources */,
				17D570811E1F4EC3007CED68 /* Embed Frameworks */,
			);
			buildRules = (
			);
			dependencies = (
			);
			name = SwiftSVGExampleMac;
			productName = SwiftSVGExampleMac;
			productReference = 8AC4DBD31CB37DC600137DC9 /* SwiftSVGExampleMac.app */;
			productType = "com.apple.product-type.application";
		};
/* End PBXNativeTarget section */

/* Begin PBXProject section */
		8AC4DB9C1CB37D9600137DC9 /* Project object */ = {
			isa = PBXProject;
			attributes = {
				LastSwiftUpdateCheck = 0730;
				LastUpgradeCheck = 0810;
				ORGANIZATIONNAME = "Michael Choe";
				TargetAttributes = {
					8AC4DBBC1CB37DB800137DC9 = {
						CreatedOnToolsVersion = 7.3;
						LastSwiftMigration = 0810;
					};
					8AC4DBD21CB37DC600137DC9 = {
						CreatedOnToolsVersion = 7.3;
						LastSwiftMigration = 0810;
					};
				};
			};
			buildConfigurationList = 8AC4DB9F1CB37D9600137DC9 /* Build configuration list for PBXProject "SwiftSVGExamples" */;
			compatibilityVersion = "Xcode 3.2";
			developmentRegion = English;
			hasScannedForEncodings = 0;
			knownRegions = (
				en,
				Base,
			);
			mainGroup = 8AC4DB9B1CB37D9600137DC9;
			productRefGroup = 8AC4DBA51CB37D9600137DC9 /* Products */;
			projectDirPath = "";
			projectRoot = "";
			targets = (
				8AC4DBBC1CB37DB800137DC9 /* SwiftSVGExampleiOS */,
				8AC4DBD21CB37DC600137DC9 /* SwiftSVGExampleMac */,
			);
		};
/* End PBXProject section */

/* Begin PBXResourcesBuildPhase section */
		8AC4DBBB1CB37DB800137DC9 /* Resources */ = {
			isa = PBXResourcesBuildPhase;
			buildActionMask = 2147483647;
			files = (
				381E99C31EFA0DC400839918 /* polygons.svg in Resources */,
				8AC4DBE81CB37E2800137DC9 /* hawaiiFlowers.svg in Resources */,
				38A1CE101EF77A0F00D2E54E /* triangle.svg in Resources */,
				176BC9B01EE48D3C00F7B54C /* circles.svg in Resources */,
				176BC9FF1EE63FAB00F7B54C /* polylines.svg in Resources */,
				176BC9CD1EE4C44E00F7B54C /* lines.svg in Resources */,
				176A88CF1EE9C31500764E8E /* christmas.svg in Resources */,
				174FF06F1EF10BDA003F3DBE /* pizza.svg in Resources */,
				176BC9B91EE49C7200F7B54C /* rectangles.svg in Resources */,
				176BC9C71EE4C1AB00F7B54C /* ellipses.svg in Resources */,
				8AC4DBCA1CB37DB800137DC9 /* LaunchScreen.storyboard in Resources */,
				8AC4DBC71CB37DB800137DC9 /* Assets.xcassets in Resources */,
				8AC4DBC51CB37DB800137DC9 /* Main.storyboard in Resources */,
			);
			runOnlyForDeploymentPostprocessing = 0;
		};
		8AC4DBD11CB37DC600137DC9 /* Resources */ = {
			isa = PBXResourcesBuildPhase;
			buildActionMask = 2147483647;
			files = (
				176BC9BA1EE49C7200F7B54C /* rectangles.svg in Resources */,
				176BC9C81EE4C1AB00F7B54C /* ellipses.svg in Resources */,
				176BC9CE1EE4C44E00F7B54C /* lines.svg in Resources */,
				8AC4DBDA1CB37DC600137DC9 /* Assets.xcassets in Resources */,
				8AC4DBDD1CB37DC600137DC9 /* Main.storyboard in Resources */,
				8AC4DBEC1CB37F7700137DC9 /* hawaiiFlowers.svg in Resources */,
			);
			runOnlyForDeploymentPostprocessing = 0;
		};
/* End PBXResourcesBuildPhase section */

/* Begin PBXSourcesBuildPhase section */
		8AC4DBB91CB37DB800137DC9 /* Sources */ = {
			isa = PBXSourcesBuildPhase;
			buildActionMask = 2147483647;
			files = (
				176BC9BF1EE4BC6400F7B54C /* ViewSVGViewController.swift in Sources */,
				8AC4DBC21CB37DB800137DC9 /* ViewController.swift in Sources */,
				8AC4DBC01CB37DB800137DC9 /* AppDelegate.swift in Sources */,
			);
			runOnlyForDeploymentPostprocessing = 0;
		};
		8AC4DBCF1CB37DC600137DC9 /* Sources */ = {
			isa = PBXSourcesBuildPhase;
			buildActionMask = 2147483647;
			files = (
				176BC9C01EE4BC6400F7B54C /* ViewSVGViewController.swift in Sources */,
				8AC4DBD81CB37DC600137DC9 /* ViewController.swift in Sources */,
				8AC4DBD61CB37DC600137DC9 /* AppDelegate.swift in Sources */,
			);
			runOnlyForDeploymentPostprocessing = 0;
		};
/* End PBXSourcesBuildPhase section */

/* Begin PBXVariantGroup section */
		8AC4DBC31CB37DB800137DC9 /* Main.storyboard */ = {
			isa = PBXVariantGroup;
			children = (
				8AC4DBC41CB37DB800137DC9 /* Base */,
			);
			name = Main.storyboard;
			sourceTree = "<group>";
		};
		8AC4DBC81CB37DB800137DC9 /* LaunchScreen.storyboard */ = {
			isa = PBXVariantGroup;
			children = (
				8AC4DBC91CB37DB800137DC9 /* Base */,
			);
			name = LaunchScreen.storyboard;
			sourceTree = "<group>";
		};
		8AC4DBDB1CB37DC600137DC9 /* Main.storyboard */ = {
			isa = PBXVariantGroup;
			children = (
				8AC4DBDC1CB37DC600137DC9 /* Base */,
			);
			name = Main.storyboard;
			sourceTree = "<group>";
		};
/* End PBXVariantGroup section */

/* Begin XCBuildConfiguration section */
		8AC4DBB41CB37D9600137DC9 /* Debug */ = {
			isa = XCBuildConfiguration;
			buildSettings = {
				ALWAYS_SEARCH_USER_PATHS = NO;
				CLANG_ANALYZER_NONNULL = YES;
				CLANG_CXX_LANGUAGE_STANDARD = "gnu++0x";
				CLANG_CXX_LIBRARY = "libc++";
				CLANG_ENABLE_MODULES = YES;
				CLANG_ENABLE_OBJC_ARC = YES;
				CLANG_WARN_BOOL_CONVERSION = YES;
				CLANG_WARN_CONSTANT_CONVERSION = YES;
				CLANG_WARN_DIRECT_OBJC_ISA_USAGE = YES_ERROR;
				CLANG_WARN_EMPTY_BODY = YES;
				CLANG_WARN_ENUM_CONVERSION = YES;
				CLANG_WARN_INFINITE_RECURSION = YES;
				CLANG_WARN_INT_CONVERSION = YES;
				CLANG_WARN_OBJC_ROOT_CLASS = YES_ERROR;
				CLANG_WARN_SUSPICIOUS_MOVE = YES;
				CLANG_WARN_UNREACHABLE_CODE = YES;
				CLANG_WARN__DUPLICATE_METHOD_MATCH = YES;
				"CODE_SIGN_IDENTITY[sdk=iphoneos*]" = "iPhone Developer";
				COPY_PHASE_STRIP = NO;
				DEBUG_INFORMATION_FORMAT = dwarf;
				ENABLE_STRICT_OBJC_MSGSEND = YES;
				ENABLE_TESTABILITY = YES;
				GCC_C_LANGUAGE_STANDARD = gnu99;
				GCC_DYNAMIC_NO_PIC = NO;
				GCC_NO_COMMON_BLOCKS = YES;
				GCC_OPTIMIZATION_LEVEL = 0;
				GCC_PREPROCESSOR_DEFINITIONS = (
					"DEBUG=1",
					"$(inherited)",
				);
				GCC_WARN_64_TO_32_BIT_CONVERSION = YES;
				GCC_WARN_ABOUT_RETURN_TYPE = YES_ERROR;
				GCC_WARN_UNDECLARED_SELECTOR = YES;
				GCC_WARN_UNINITIALIZED_AUTOS = YES_AGGRESSIVE;
				GCC_WARN_UNUSED_FUNCTION = YES;
				GCC_WARN_UNUSED_VARIABLE = YES;
				IPHONEOS_DEPLOYMENT_TARGET = 9.3;
				MTL_ENABLE_DEBUG_INFO = YES;
				ONLY_ACTIVE_ARCH = YES;
				SDKROOT = iphoneos;
				SWIFT_OPTIMIZATION_LEVEL = "-Onone";
				TARGETED_DEVICE_FAMILY = "1,2";
			};
			name = Debug;
		};
		8AC4DBB51CB37D9600137DC9 /* Release */ = {
			isa = XCBuildConfiguration;
			buildSettings = {
				ALWAYS_SEARCH_USER_PATHS = NO;
				CLANG_ANALYZER_NONNULL = YES;
				CLANG_CXX_LANGUAGE_STANDARD = "gnu++0x";
				CLANG_CXX_LIBRARY = "libc++";
				CLANG_ENABLE_MODULES = YES;
				CLANG_ENABLE_OBJC_ARC = YES;
				CLANG_WARN_BOOL_CONVERSION = YES;
				CLANG_WARN_CONSTANT_CONVERSION = YES;
				CLANG_WARN_DIRECT_OBJC_ISA_USAGE = YES_ERROR;
				CLANG_WARN_EMPTY_BODY = YES;
				CLANG_WARN_ENUM_CONVERSION = YES;
				CLANG_WARN_INFINITE_RECURSION = YES;
				CLANG_WARN_INT_CONVERSION = YES;
				CLANG_WARN_OBJC_ROOT_CLASS = YES_ERROR;
				CLANG_WARN_SUSPICIOUS_MOVE = YES;
				CLANG_WARN_UNREACHABLE_CODE = YES;
				CLANG_WARN__DUPLICATE_METHOD_MATCH = YES;
				"CODE_SIGN_IDENTITY[sdk=iphoneos*]" = "iPhone Developer";
				COPY_PHASE_STRIP = NO;
				DEBUG_INFORMATION_FORMAT = "dwarf-with-dsym";
				ENABLE_NS_ASSERTIONS = NO;
				ENABLE_STRICT_OBJC_MSGSEND = YES;
				GCC_C_LANGUAGE_STANDARD = gnu99;
				GCC_NO_COMMON_BLOCKS = YES;
				GCC_WARN_64_TO_32_BIT_CONVERSION = YES;
				GCC_WARN_ABOUT_RETURN_TYPE = YES_ERROR;
				GCC_WARN_UNDECLARED_SELECTOR = YES;
				GCC_WARN_UNINITIALIZED_AUTOS = YES_AGGRESSIVE;
				GCC_WARN_UNUSED_FUNCTION = YES;
				GCC_WARN_UNUSED_VARIABLE = YES;
				IPHONEOS_DEPLOYMENT_TARGET = 9.3;
				MTL_ENABLE_DEBUG_INFO = NO;
				SDKROOT = iphoneos;
				SWIFT_OPTIMIZATION_LEVEL = "-Owholemodule";
				TARGETED_DEVICE_FAMILY = "1,2";
				VALIDATE_PRODUCT = YES;
			};
			name = Release;
		};
		8AC4DBCC1CB37DB800137DC9 /* Debug */ = {
			isa = XCBuildConfiguration;
			buildSettings = {
				ASSETCATALOG_COMPILER_APPICON_NAME = AppIcon;
				INFOPLIST_FILE = SwiftSVGExampleiOS/Info.plist;
				LD_RUNPATH_SEARCH_PATHS = "$(inherited) @executable_path/Frameworks";
				PRODUCT_BUNDLE_IDENTIFIER = com.straussmade.SwiftSVGExampleiOS;
				PRODUCT_NAME = "$(TARGET_NAME)";
				SWIFT_VERSION = 3.0.1;
			};
			name = Debug;
		};
		8AC4DBCD1CB37DB800137DC9 /* Release */ = {
			isa = XCBuildConfiguration;
			buildSettings = {
				ASSETCATALOG_COMPILER_APPICON_NAME = AppIcon;
				INFOPLIST_FILE = SwiftSVGExampleiOS/Info.plist;
				LD_RUNPATH_SEARCH_PATHS = "$(inherited) @executable_path/Frameworks";
				PRODUCT_BUNDLE_IDENTIFIER = com.straussmade.SwiftSVGExampleiOS;
				PRODUCT_NAME = "$(TARGET_NAME)";
				SWIFT_VERSION = 3.0.1;
			};
			name = Release;
		};
		8AC4DBE01CB37DC600137DC9 /* Debug */ = {
			isa = XCBuildConfiguration;
			buildSettings = {
				ASSETCATALOG_COMPILER_APPICON_NAME = AppIcon;
				CODE_SIGN_IDENTITY = "-";
				COMBINE_HIDPI_IMAGES = YES;
				INFOPLIST_FILE = SwiftSVGExampleMac/Info.plist;
				LD_RUNPATH_SEARCH_PATHS = "$(inherited) @executable_path/../Frameworks";
				MACOSX_DEPLOYMENT_TARGET = 10.11;
				PRODUCT_BUNDLE_IDENTIFIER = com.straussmade.SwiftSVGExampleMac;
				PRODUCT_NAME = "$(TARGET_NAME)";
				SDKROOT = macosx;
				SWIFT_VERSION = 3.0.1;
			};
			name = Debug;
		};
		8AC4DBE11CB37DC600137DC9 /* Release */ = {
			isa = XCBuildConfiguration;
			buildSettings = {
				ASSETCATALOG_COMPILER_APPICON_NAME = AppIcon;
				CODE_SIGN_IDENTITY = "-";
				COMBINE_HIDPI_IMAGES = YES;
				INFOPLIST_FILE = SwiftSVGExampleMac/Info.plist;
				LD_RUNPATH_SEARCH_PATHS = "$(inherited) @executable_path/../Frameworks";
				MACOSX_DEPLOYMENT_TARGET = 10.11;
				PRODUCT_BUNDLE_IDENTIFIER = com.straussmade.SwiftSVGExampleMac;
				PRODUCT_NAME = "$(TARGET_NAME)";
				SDKROOT = macosx;
				SWIFT_VERSION = 3.0.1;
			};
			name = Release;
		};
/* End XCBuildConfiguration section */

/* Begin XCConfigurationList section */
		8AC4DB9F1CB37D9600137DC9 /* Build configuration list for PBXProject "SwiftSVGExamples" */ = {
			isa = XCConfigurationList;
			buildConfigurations = (
				8AC4DBB41CB37D9600137DC9 /* Debug */,
				8AC4DBB51CB37D9600137DC9 /* Release */,
			);
			defaultConfigurationIsVisible = 0;
			defaultConfigurationName = Release;
		};
		8AC4DBCE1CB37DB800137DC9 /* Build configuration list for PBXNativeTarget "SwiftSVGExampleiOS" */ = {
			isa = XCConfigurationList;
			buildConfigurations = (
				8AC4DBCC1CB37DB800137DC9 /* Debug */,
				8AC4DBCD1CB37DB800137DC9 /* Release */,
			);
			defaultConfigurationIsVisible = 0;
			defaultConfigurationName = Release;
		};
		8AC4DBDF1CB37DC600137DC9 /* Build configuration list for PBXNativeTarget "SwiftSVGExampleMac" */ = {
			isa = XCConfigurationList;
			buildConfigurations = (
				8AC4DBE01CB37DC600137DC9 /* Debug */,
				8AC4DBE11CB37DC600137DC9 /* Release */,
			);
			defaultConfigurationIsVisible = 0;
			defaultConfigurationName = Release;
		};
/* End XCConfigurationList section */
	};
	rootObject = 8AC4DB9C1CB37D9600137DC9 /* Project object */;
}
