// !$*UTF8*$!
{
	archiveVersion = 1;
	classes = {
	};
	objectVersion = 46;
	objects = {

/* Begin PBXBuildFile section */
		9EA820661AAB15C800DEE6CA /* AppDelegate.swift in Sources */ = {isa = PBXBuildFile; fileRef = 9EA820651AAB15C800DEE6CA /* AppDelegate.swift */; };
		9EA820681AAB15C800DEE6CA /* ViewController.swift in Sources */ = {isa = PBXBuildFile; fileRef = 9EA820671AAB15C800DEE6CA /* ViewController.swift */; };
		9EA8206B1AAB15C800DEE6CA /* Main.storyboard in Resources */ = {isa = PBXBuildFile; fileRef = 9EA820691AAB15C800DEE6CA /* Main.storyboard */; };
		9EA8206D1AAB15C800DEE6CA /* Images.xcassets in Resources */ = {isa = PBXBuildFile; fileRef = 9EA8206C1AAB15C800DEE6CA /* Images.xcassets */; };
		9EA820701AAB15C800DEE6CA /* LaunchScreen.xib in Resources */ = {isa = PBXBuildFile; fileRef = 9EA8206E1AAB15C800DEE6CA /* LaunchScreen.xib */; };
		9EA8207C1AAB15C800DEE6CA /* SwiftSVGTests.swift in Sources */ = {isa = PBXBuildFile; fileRef = 9EA8207B1AAB15C800DEE6CA /* SwiftSVGTests.swift */; };
		9EA820861AAB649700DEE6CA /* String+SVG.swift in Sources */ = {isa = PBXBuildFile; fileRef = 9EA820851AAB649700DEE6CA /* String+SVG.swift */; };
		9EA820881AAB6AD700DEE6CA /* UIBezierPath+SVG.swift in Sources */ = {isa = PBXBuildFile; fileRef = 9EA820871AAB6AD700DEE6CA /* UIBezierPath+SVG.swift */; };
/* End PBXBuildFile section */

/* Begin PBXContainerItemProxy section */
		9EA820761AAB15C800DEE6CA /* PBXContainerItemProxy */ = {
			isa = PBXContainerItemProxy;
			containerPortal = 9EA820581AAB15C800DEE6CA /* Project object */;
			proxyType = 1;
			remoteGlobalIDString = 9EA8205F1AAB15C800DEE6CA;
			remoteInfo = SwiftSVG;
		};
/* End PBXContainerItemProxy section */

/* Begin PBXFileReference section */
		9EA820601AAB15C800DEE6CA /* SwiftSVG.app */ = {isa = PBXFileReference; explicitFileType = wrapper.application; includeInIndex = 0; path = SwiftSVG.app; sourceTree = BUILT_PRODUCTS_DIR; };
		9EA820641AAB15C800DEE6CA /* Info.plist */ = {isa = PBXFileReference; lastKnownFileType = text.plist.xml; path = Info.plist; sourceTree = "<group>"; };
		9EA820651AAB15C800DEE6CA /* AppDelegate.swift */ = {isa = PBXFileReference; lastKnownFileType = sourcecode.swift; path = AppDelegate.swift; sourceTree = "<group>"; };
		9EA820671AAB15C800DEE6CA /* ViewController.swift */ = {isa = PBXFileReference; lastKnownFileType = sourcecode.swift; path = ViewController.swift; sourceTree = "<group>"; };
		9EA8206A1AAB15C800DEE6CA /* Base */ = {isa = PBXFileReference; lastKnownFileType = file.storyboard; name = Base; path = Base.lproj/Main.storyboard; sourceTree = "<group>"; };
		9EA8206C1AAB15C800DEE6CA /* Images.xcassets */ = {isa = PBXFileReference; lastKnownFileType = folder.assetcatalog; path = Images.xcassets; sourceTree = "<group>"; };
		9EA8206F1AAB15C800DEE6CA /* Base */ = {isa = PBXFileReference; lastKnownFileType = file.xib; name = Base; path = Base.lproj/LaunchScreen.xib; sourceTree = "<group>"; };
		9EA820751AAB15C800DEE6CA /* SwiftSVGTests.xctest */ = {isa = PBXFileReference; explicitFileType = wrapper.cfbundle; includeInIndex = 0; path = SwiftSVGTests.xctest; sourceTree = BUILT_PRODUCTS_DIR; };
		9EA8207A1AAB15C800DEE6CA /* Info.plist */ = {isa = PBXFileReference; lastKnownFileType = text.plist.xml; path = Info.plist; sourceTree = "<group>"; };
		9EA8207B1AAB15C800DEE6CA /* SwiftSVGTests.swift */ = {isa = PBXFileReference; lastKnownFileType = sourcecode.swift; path = SwiftSVGTests.swift; sourceTree = "<group>"; };
		9EA820851AAB649700DEE6CA /* String+SVG.swift */ = {isa = PBXFileReference; fileEncoding = 4; lastKnownFileType = sourcecode.swift; path = "String+SVG.swift"; sourceTree = "<group>"; };
		9EA820871AAB6AD700DEE6CA /* UIBezierPath+SVG.swift */ = {isa = PBXFileReference; fileEncoding = 4; lastKnownFileType = sourcecode.swift; path = "UIBezierPath+SVG.swift"; sourceTree = "<group>"; };
/* End PBXFileReference section */

/* Begin PBXFrameworksBuildPhase section */
		9EA8205D1AAB15C800DEE6CA /* Frameworks */ = {
			isa = PBXFrameworksBuildPhase;
			buildActionMask = 2147483647;
			files = (
			);
			runOnlyForDeploymentPostprocessing = 0;
		};
		9EA820721AAB15C800DEE6CA /* Frameworks */ = {
			isa = PBXFrameworksBuildPhase;
			buildActionMask = 2147483647;
			files = (
			);
			runOnlyForDeploymentPostprocessing = 0;
		};
/* End PBXFrameworksBuildPhase section */

/* Begin PBXGroup section */
		9EA820571AAB15C800DEE6CA = {
			isa = PBXGroup;
			children = (
				9EA820621AAB15C800DEE6CA /* SwiftSVG */,
				9EA820781AAB15C800DEE6CA /* SwiftSVGTests */,
				9EA820611AAB15C800DEE6CA /* Products */,
			);
			sourceTree = "<group>";
		};
		9EA820611AAB15C800DEE6CA /* Products */ = {
			isa = PBXGroup;
			children = (
				9EA820601AAB15C800DEE6CA /* SwiftSVG.app */,
				9EA820751AAB15C800DEE6CA /* SwiftSVGTests.xctest */,
			);
			name = Products;
			sourceTree = "<group>";
		};
		9EA820621AAB15C800DEE6CA /* SwiftSVG */ = {
			isa = PBXGroup;
			children = (
				9EA820891AAB6AE100DEE6CA /* SVG */,
				9EA820651AAB15C800DEE6CA /* AppDelegate.swift */,
				9EA820671AAB15C800DEE6CA /* ViewController.swift */,
				9EA820691AAB15C800DEE6CA /* Main.storyboard */,
				9EA8206C1AAB15C800DEE6CA /* Images.xcassets */,
				9EA8206E1AAB15C800DEE6CA /* LaunchScreen.xib */,
				9EA820631AAB15C800DEE6CA /* Supporting Files */,
			);
			path = SwiftSVG;
			sourceTree = "<group>";
		};
		9EA820631AAB15C800DEE6CA /* Supporting Files */ = {
			isa = PBXGroup;
			children = (
				9EA820641AAB15C800DEE6CA /* Info.plist */,
			);
			name = "Supporting Files";
			sourceTree = "<group>";
		};
		9EA820781AAB15C800DEE6CA /* SwiftSVGTests */ = {
			isa = PBXGroup;
			children = (
				9EA8207B1AAB15C800DEE6CA /* SwiftSVGTests.swift */,
				9EA820791AAB15C800DEE6CA /* Supporting Files */,
			);
			path = SwiftSVGTests;
			sourceTree = "<group>";
		};
		9EA820791AAB15C800DEE6CA /* Supporting Files */ = {
			isa = PBXGroup;
			children = (
				9EA8207A1AAB15C800DEE6CA /* Info.plist */,
			);
			name = "Supporting Files";
			sourceTree = "<group>";
		};
		9EA820891AAB6AE100DEE6CA /* SVG */ = {
			isa = PBXGroup;
			children = (
				9EA820851AAB649700DEE6CA /* String+SVG.swift */,
				9EA820871AAB6AD700DEE6CA /* UIBezierPath+SVG.swift */,
			);
			name = SVG;
			sourceTree = "<group>";
		};
/* End PBXGroup section */

/* Begin PBXNativeTarget section */
		9EA8205F1AAB15C800DEE6CA /* SwiftSVG */ = {
			isa = PBXNativeTarget;
			buildConfigurationList = 9EA8207F1AAB15C800DEE6CA /* Build configuration list for PBXNativeTarget "SwiftSVG" */;
			buildPhases = (
				9EA8205C1AAB15C800DEE6CA /* Sources */,
				9EA8205D1AAB15C800DEE6CA /* Frameworks */,
				9EA8205E1AAB15C800DEE6CA /* Resources */,
			);
			buildRules = (
			);
			dependencies = (
			);
			name = SwiftSVG;
			productName = SwiftSVG;
			productReference = 9EA820601AAB15C800DEE6CA /* SwiftSVG.app */;
			productType = "com.apple.product-type.application";
		};
		9EA820741AAB15C800DEE6CA /* SwiftSVGTests */ = {
			isa = PBXNativeTarget;
			buildConfigurationList = 9EA820821AAB15C800DEE6CA /* Build configuration list for PBXNativeTarget "SwiftSVGTests" */;
			buildPhases = (
				9EA820711AAB15C800DEE6CA /* Sources */,
				9EA820721AAB15C800DEE6CA /* Frameworks */,
				9EA820731AAB15C800DEE6CA /* Resources */,
			);
			buildRules = (
			);
			dependencies = (
				9EA820771AAB15C800DEE6CA /* PBXTargetDependency */,
			);
			name = SwiftSVGTests;
			productName = SwiftSVGTests;
			productReference = 9EA820751AAB15C800DEE6CA /* SwiftSVGTests.xctest */;
			productType = "com.apple.product-type.bundle.unit-test";
		};
/* End PBXNativeTarget section */

/* Begin PBXProject section */
		9EA820581AAB15C800DEE6CA /* Project object */ = {
			isa = PBXProject;
			attributes = {
				LastUpgradeCheck = 0610;
				ORGANIZATIONNAME = "Strauss LLC";
				TargetAttributes = {
					9EA8205F1AAB15C800DEE6CA = {
						CreatedOnToolsVersion = 6.1.1;
					};
					9EA820741AAB15C800DEE6CA = {
						CreatedOnToolsVersion = 6.1.1;
						TestTargetID = 9EA8205F1AAB15C800DEE6CA;
					};
				};
			};
			buildConfigurationList = 9EA8205B1AAB15C800DEE6CA /* Build configuration list for PBXProject "SwiftSVG" */;
			compatibilityVersion = "Xcode 3.2";
			developmentRegion = English;
			hasScannedForEncodings = 0;
			knownRegions = (
				en,
				Base,
			);
			mainGroup = 9EA820571AAB15C800DEE6CA;
			productRefGroup = 9EA820611AAB15C800DEE6CA /* Products */;
			projectDirPath = "";
			projectRoot = "";
			targets = (
				9EA8205F1AAB15C800DEE6CA /* SwiftSVG */,
				9EA820741AAB15C800DEE6CA /* SwiftSVGTests */,
			);
		};
/* End PBXProject section */

/* Begin PBXResourcesBuildPhase section */
		9EA8205E1AAB15C800DEE6CA /* Resources */ = {
			isa = PBXResourcesBuildPhase;
			buildActionMask = 2147483647;
			files = (
				9EA8206B1AAB15C800DEE6CA /* Main.storyboard in Resources */,
				9EA820701AAB15C800DEE6CA /* LaunchScreen.xib in Resources */,
				9EA8206D1AAB15C800DEE6CA /* Images.xcassets in Resources */,
			);
			runOnlyForDeploymentPostprocessing = 0;
		};
		9EA820731AAB15C800DEE6CA /* Resources */ = {
			isa = PBXResourcesBuildPhase;
			buildActionMask = 2147483647;
			files = (
			);
			runOnlyForDeploymentPostprocessing = 0;
		};
/* End PBXResourcesBuildPhase section */

/* Begin PBXSourcesBuildPhase section */
		9EA8205C1AAB15C800DEE6CA /* Sources */ = {
			isa = PBXSourcesBuildPhase;
			buildActionMask = 2147483647;
			files = (
				9EA820881AAB6AD700DEE6CA /* UIBezierPath+SVG.swift in Sources */,
				9EA820861AAB649700DEE6CA /* String+SVG.swift in Sources */,
				9EA820681AAB15C800DEE6CA /* ViewController.swift in Sources */,
				9EA820661AAB15C800DEE6CA /* AppDelegate.swift in Sources */,
			);
			runOnlyForDeploymentPostprocessing = 0;
		};
		9EA820711AAB15C800DEE6CA /* Sources */ = {
			isa = PBXSourcesBuildPhase;
			buildActionMask = 2147483647;
			files = (
				9EA8207C1AAB15C800DEE6CA /* SwiftSVGTests.swift in Sources */,
			);
			runOnlyForDeploymentPostprocessing = 0;
		};
/* End PBXSourcesBuildPhase section */

/* Begin PBXTargetDependency section */
		9EA820771AAB15C800DEE6CA /* PBXTargetDependency */ = {
			isa = PBXTargetDependency;
			target = 9EA8205F1AAB15C800DEE6CA /* SwiftSVG */;
			targetProxy = 9EA820761AAB15C800DEE6CA /* PBXContainerItemProxy */;
		};
/* End PBXTargetDependency section */

/* Begin PBXVariantGroup section */
		9EA820691AAB15C800DEE6CA /* Main.storyboard */ = {
			isa = PBXVariantGroup;
			children = (
				9EA8206A1AAB15C800DEE6CA /* Base */,
			);
			name = Main.storyboard;
			sourceTree = "<group>";
		};
		9EA8206E1AAB15C800DEE6CA /* LaunchScreen.xib */ = {
			isa = PBXVariantGroup;
			children = (
				9EA8206F1AAB15C800DEE6CA /* Base */,
			);
			name = LaunchScreen.xib;
			sourceTree = "<group>";
		};
/* End PBXVariantGroup section */

/* Begin XCBuildConfiguration section */
		9EA8207D1AAB15C800DEE6CA /* Debug */ = {
			isa = XCBuildConfiguration;
			buildSettings = {
				ALWAYS_SEARCH_USER_PATHS = NO;
				CLANG_CXX_LANGUAGE_STANDARD = "gnu++0x";
				CLANG_CXX_LIBRARY = "libc++";
				CLANG_ENABLE_MODULES = YES;
				CLANG_ENABLE_OBJC_ARC = YES;
				CLANG_WARN_BOOL_CONVERSION = YES;
				CLANG_WARN_CONSTANT_CONVERSION = YES;
				CLANG_WARN_DIRECT_OBJC_ISA_USAGE = YES_ERROR;
				CLANG_WARN_EMPTY_BODY = YES;
				CLANG_WARN_ENUM_CONVERSION = YES;
				CLANG_WARN_INT_CONVERSION = YES;
				CLANG_WARN_OBJC_ROOT_CLASS = YES_ERROR;
				CLANG_WARN_UNREACHABLE_CODE = YES;
				CLANG_WARN__DUPLICATE_METHOD_MATCH = YES;
				"CODE_SIGN_IDENTITY[sdk=iphoneos*]" = "iPhone Developer";
				COPY_PHASE_STRIP = NO;
				ENABLE_STRICT_OBJC_MSGSEND = YES;
				GCC_C_LANGUAGE_STANDARD = gnu99;
				GCC_DYNAMIC_NO_PIC = NO;
				GCC_OPTIMIZATION_LEVEL = 0;
				GCC_PREPROCESSOR_DEFINITIONS = (
					"DEBUG=1",
					"$(inherited)",
				);
				GCC_SYMBOLS_PRIVATE_EXTERN = NO;
				GCC_WARN_64_TO_32_BIT_CONVERSION = YES;
				GCC_WARN_ABOUT_RETURN_TYPE = YES_ERROR;
				GCC_WARN_UNDECLARED_SELECTOR = YES;
				GCC_WARN_UNINITIALIZED_AUTOS = YES_AGGRESSIVE;
				GCC_WARN_UNUSED_FUNCTION = YES;
				GCC_WARN_UNUSED_VARIABLE = YES;
				IPHONEOS_DEPLOYMENT_TARGET = 8.1;
				MTL_ENABLE_DEBUG_INFO = YES;
				ONLY_ACTIVE_ARCH = YES;
				SDKROOT = iphoneos;
				SWIFT_OPTIMIZATION_LEVEL = "-Onone";
			};
			name = Debug;
		};
		9EA8207E1AAB15C800DEE6CA /* Release */ = {
			isa = XCBuildConfiguration;
			buildSettings = {
				ALWAYS_SEARCH_USER_PATHS = NO;
				CLANG_CXX_LANGUAGE_STANDARD = "gnu++0x";
				CLANG_CXX_LIBRARY = "libc++";
				CLANG_ENABLE_MODULES = YES;
				CLANG_ENABLE_OBJC_ARC = YES;
				CLANG_WARN_BOOL_CONVERSION = YES;
				CLANG_WARN_CONSTANT_CONVERSION = YES;
				CLANG_WARN_DIRECT_OBJC_ISA_USAGE = YES_ERROR;
				CLANG_WARN_EMPTY_BODY = YES;
				CLANG_WARN_ENUM_CONVERSION = YES;
				CLANG_WARN_INT_CONVERSION = YES;
				CLANG_WARN_OBJC_ROOT_CLASS = YES_ERROR;
				CLANG_WARN_UNREACHABLE_CODE = YES;
				CLANG_WARN__DUPLICATE_METHOD_MATCH = YES;
				"CODE_SIGN_IDENTITY[sdk=iphoneos*]" = "iPhone Developer";
				COPY_PHASE_STRIP = YES;
				ENABLE_NS_ASSERTIONS = NO;
				ENABLE_STRICT_OBJC_MSGSEND = YES;
				GCC_C_LANGUAGE_STANDARD = gnu99;
				GCC_WARN_64_TO_32_BIT_CONVERSION = YES;
				GCC_WARN_ABOUT_RETURN_TYPE = YES_ERROR;
				GCC_WARN_UNDECLARED_SELECTOR = YES;
				GCC_WARN_UNINITIALIZED_AUTOS = YES_AGGRESSIVE;
				GCC_WARN_UNUSED_FUNCTION = YES;
				GCC_WARN_UNUSED_VARIABLE = YES;
				IPHONEOS_DEPLOYMENT_TARGET = 8.1;
				MTL_ENABLE_DEBUG_INFO = NO;
				SDKROOT = iphoneos;
				VALIDATE_PRODUCT = YES;
			};
			name = Release;
		};
		9EA820801AAB15C800DEE6CA /* Debug */ = {
			isa = XCBuildConfiguration;
			buildSettings = {
				ASSETCATALOG_COMPILER_APPICON_NAME = AppIcon;
				INFOPLIST_FILE = SwiftSVG/Info.plist;
				LD_RUNPATH_SEARCH_PATHS = "$(inherited) @executable_path/Frameworks";
				PRODUCT_NAME = "$(TARGET_NAME)";
			};
			name = Debug;
		};
		9EA820811AAB15C800DEE6CA /* Release */ = {
			isa = XCBuildConfiguration;
			buildSettings = {
				ASSETCATALOG_COMPILER_APPICON_NAME = AppIcon;
				INFOPLIST_FILE = SwiftSVG/Info.plist;
				LD_RUNPATH_SEARCH_PATHS = "$(inherited) @executable_path/Frameworks";
				PRODUCT_NAME = "$(TARGET_NAME)";
			};
			name = Release;
		};
		9EA820831AAB15C800DEE6CA /* Debug */ = {
			isa = XCBuildConfiguration;
			buildSettings = {
				BUNDLE_LOADER = "$(TEST_HOST)";
				FRAMEWORK_SEARCH_PATHS = (
					"$(SDKROOT)/Developer/Library/Frameworks",
					"$(inherited)",
				);
				GCC_PREPROCESSOR_DEFINITIONS = (
					"DEBUG=1",
					"$(inherited)",
				);
				INFOPLIST_FILE = SwiftSVGTests/Info.plist;
				LD_RUNPATH_SEARCH_PATHS = "$(inherited) @executable_path/Frameworks @loader_path/Frameworks";
				PRODUCT_NAME = "$(TARGET_NAME)";
				TEST_HOST = "$(BUILT_PRODUCTS_DIR)/SwiftSVG.app/SwiftSVG";
			};
			name = Debug;
		};
		9EA820841AAB15C800DEE6CA /* Release */ = {
			isa = XCBuildConfiguration;
			buildSettings = {
				BUNDLE_LOADER = "$(TEST_HOST)";
				FRAMEWORK_SEARCH_PATHS = (
					"$(SDKROOT)/Developer/Library/Frameworks",
					"$(inherited)",
				);
				INFOPLIST_FILE = SwiftSVGTests/Info.plist;
				LD_RUNPATH_SEARCH_PATHS = "$(inherited) @executable_path/Frameworks @loader_path/Frameworks";
				PRODUCT_NAME = "$(TARGET_NAME)";
				TEST_HOST = "$(BUILT_PRODUCTS_DIR)/SwiftSVG.app/SwiftSVG";
			};
			name = Release;
		};
/* End XCBuildConfiguration section */

/* Begin XCConfigurationList section */
		9EA8205B1AAB15C800DEE6CA /* Build configuration list for PBXProject "SwiftSVG" */ = {
			isa = XCConfigurationList;
			buildConfigurations = (
				9EA8207D1AAB15C800DEE6CA /* Debug */,
				9EA8207E1AAB15C800DEE6CA /* Release */,
			);
			defaultConfigurationIsVisible = 0;
			defaultConfigurationName = Release;
		};
		9EA8207F1AAB15C800DEE6CA /* Build configuration list for PBXNativeTarget "SwiftSVG" */ = {
			isa = XCConfigurationList;
			buildConfigurations = (
				9EA820801AAB15C800DEE6CA /* Debug */,
				9EA820811AAB15C800DEE6CA /* Release */,
			);
			defaultConfigurationIsVisible = 0;
		};
		9EA820821AAB15C800DEE6CA /* Build configuration list for PBXNativeTarget "SwiftSVGTests" */ = {
			isa = XCConfigurationList;
			buildConfigurations = (
				9EA820831AAB15C800DEE6CA /* Debug */,
				9EA820841AAB15C800DEE6CA /* Release */,
			);
			defaultConfigurationIsVisible = 0;
		};
/* End XCConfigurationList section */
	};
	rootObject = 9EA820581AAB15C800DEE6CA /* Project object */;
}
