// !$*UTF8*$!
{
	archiveVersion = 1;
	classes = {
	};
	objectVersion = 46;
	objects = {

/* Begin PBXBuildFile section */
		174FF06D1EF10691003F3DBE /* PathDLexer.swift in Sources */ = {isa = PBXBuildFile; fileRef = 174FF06C1EF10691003F3DBE /* PathDLexer.swift */; };
		175093BF1E6C666600EF1853 /* SVGParser.swift in Sources */ = {isa = PBXBuildFile; fileRef = 175093BE1E6C666600EF1853 /* SVGParser.swift */; };
		175093C11E6C669F00EF1853 /* SVGParserConfiguration.swift in Sources */ = {isa = PBXBuildFile; fileRef = 175093C01E6C669F00EF1853 /* SVGParserConfiguration.swift */; };
		175093C31E6C6C2100EF1853 /* SVGElement.swift in Sources */ = {isa = PBXBuildFile; fileRef = 175093C21E6C6C2100EF1853 /* SVGElement.swift */; };
		175093C61E6C720C00EF1853 /* SVGPath.swift in Sources */ = {isa = PBXBuildFile; fileRef = 175093C51E6C720C00EF1853 /* SVGPath.swift */; };
		175093CC1E6C773600EF1853 /* SVGRootElement.swift in Sources */ = {isa = PBXBuildFile; fileRef = 175093CB1E6C773600EF1853 /* SVGRootElement.swift */; };
		176A89081EEC781E00764E8E /* Globals.swift in Sources */ = {isa = PBXBuildFile; fileRef = 176A89071EEC781E00764E8E /* Globals.swift */; };
		176BC9681EE3626100F7B54C /* SVGElement.swift in Sources */ = {isa = PBXBuildFile; fileRef = 175093C21E6C6C2100EF1853 /* SVGElement.swift */; };
		176BC96A1EE3626800F7B54C /* SVGParser.swift in Sources */ = {isa = PBXBuildFile; fileRef = 175093BE1E6C666600EF1853 /* SVGParser.swift */; };
		176BC96B1EE3626B00F7B54C /* SVGParserConfiguration.swift in Sources */ = {isa = PBXBuildFile; fileRef = 175093C01E6C669F00EF1853 /* SVGParserConfiguration.swift */; };
		176BC96C1EE3626E00F7B54C /* SVGPath.swift in Sources */ = {isa = PBXBuildFile; fileRef = 175093C51E6C720C00EF1853 /* SVGPath.swift */; };
		176BC96D1EE3627100F7B54C /* SVGRootElement.swift in Sources */ = {isa = PBXBuildFile; fileRef = 175093CB1E6C773600EF1853 /* SVGRootElement.swift */; };
		176BC9931EE474D200F7B54C /* SwiftSVGiOSTests.swift in Sources */ = {isa = PBXBuildFile; fileRef = 176BC9921EE474D200F7B54C /* SwiftSVGiOSTests.swift */; };
		176BC9951EE474D200F7B54C /* SwiftSVGiOS.framework in Frameworks */ = {isa = PBXBuildFile; fileRef = 39B8D88C1B3C3283009DAF60 /* SwiftSVGiOS.framework */; };
		176BC99C1EE475EE00F7B54C /* FloatingPointParseLengthTests.swift in Sources */ = {isa = PBXBuildFile; fileRef = 176BC99B1EE475EE00F7B54C /* FloatingPointParseLengthTests.swift */; };
		176BC9A01EE47F8B00F7B54C /* ScalarFromHexTests.swift in Sources */ = {isa = PBXBuildFile; fileRef = 176BC99F1EE47F8B00F7B54C /* ScalarFromHexTests.swift */; };
		176BC9A21EE47FC300F7B54C /* Scalar+FromHex.swift in Sources */ = {isa = PBXBuildFile; fileRef = 9E245B6B1AAE383200472F5A /* Scalar+FromHex.swift */; };
		176BC9A41EE484B400F7B54C /* FloatingPoint+ParseLengthString.swift in Sources */ = {isa = PBXBuildFile; fileRef = 176BC9A31EE484B400F7B54C /* FloatingPoint+ParseLengthString.swift */; };
		176BC9A51EE484B400F7B54C /* FloatingPoint+ParseLengthString.swift in Sources */ = {isa = PBXBuildFile; fileRef = 176BC9A31EE484B400F7B54C /* FloatingPoint+ParseLengthString.swift */; };
		176BC9A61EE484BE00F7B54C /* FloatingPoint+ParseLengthString.swift in Sources */ = {isa = PBXBuildFile; fileRef = 176BC9A31EE484B400F7B54C /* FloatingPoint+ParseLengthString.swift */; };
		176BC9A81EE4868A00F7B54C /* SVGRootElementTests.swift in Sources */ = {isa = PBXBuildFile; fileRef = 176BC9A71EE4868A00F7B54C /* SVGRootElementTests.swift */; };
		176BC9AA1EE486BC00F7B54C /* SVGRootElement.swift in Sources */ = {isa = PBXBuildFile; fileRef = 175093CB1E6C773600EF1853 /* SVGRootElement.swift */; };
		176BC9AB1EE4872400F7B54C /* SVGElement.swift in Sources */ = {isa = PBXBuildFile; fileRef = 175093C21E6C6C2100EF1853 /* SVGElement.swift */; };
		176BC9AD1EE48CE800F7B54C /* SVGCircle.swift in Sources */ = {isa = PBXBuildFile; fileRef = 176BC9AC1EE48CE800F7B54C /* SVGCircle.swift */; };
		176BC9AE1EE48CE800F7B54C /* SVGCircle.swift in Sources */ = {isa = PBXBuildFile; fileRef = 176BC9AC1EE48CE800F7B54C /* SVGCircle.swift */; };
		176BC9B31EE4946B00F7B54C /* SVGShapeElement.swift in Sources */ = {isa = PBXBuildFile; fileRef = 176BC9B21EE4946B00F7B54C /* SVGShapeElement.swift */; };
		176BC9B41EE4946B00F7B54C /* SVGShapeElement.swift in Sources */ = {isa = PBXBuildFile; fileRef = 176BC9B21EE4946B00F7B54C /* SVGShapeElement.swift */; };
		176BC9B61EE498C700F7B54C /* SVGRectangle.swift in Sources */ = {isa = PBXBuildFile; fileRef = 176BC9B51EE498C700F7B54C /* SVGRectangle.swift */; };
		176BC9B71EE498C700F7B54C /* SVGRectangle.swift in Sources */ = {isa = PBXBuildFile; fileRef = 176BC9B51EE498C700F7B54C /* SVGRectangle.swift */; };
		176BC9BC1EE4AE2700F7B54C /* Dictionary+Merge.swift in Sources */ = {isa = PBXBuildFile; fileRef = 176BC9BB1EE4AE2700F7B54C /* Dictionary+Merge.swift */; };
		176BC9BD1EE4AE2700F7B54C /* Dictionary+Merge.swift in Sources */ = {isa = PBXBuildFile; fileRef = 176BC9BB1EE4AE2700F7B54C /* Dictionary+Merge.swift */; };
		176BC9C11EE4BDA500F7B54C /* UIView+SVG.swift in Sources */ = {isa = PBXBuildFile; fileRef = 9E25E9031AB0D4C600E8D6CB /* UIView+SVG.swift */; };
		176BC9C41EE4C04100F7B54C /* SVGEllipse.swift in Sources */ = {isa = PBXBuildFile; fileRef = 176BC9C31EE4C04100F7B54C /* SVGEllipse.swift */; };
		176BC9C51EE4C04100F7B54C /* SVGEllipse.swift in Sources */ = {isa = PBXBuildFile; fileRef = 176BC9C31EE4C04100F7B54C /* SVGEllipse.swift */; };
		176BC9CA1EE4C26C00F7B54C /* SVGLine.swift in Sources */ = {isa = PBXBuildFile; fileRef = 176BC9C91EE4C26C00F7B54C /* SVGLine.swift */; };
		176BC9CB1EE4C26C00F7B54C /* SVGLine.swift in Sources */ = {isa = PBXBuildFile; fileRef = 176BC9C91EE4C26C00F7B54C /* SVGLine.swift */; };
		176BC9D01EE513F400F7B54C /* SVGPolyline.swift in Sources */ = {isa = PBXBuildFile; fileRef = 176BC9CF1EE513F400F7B54C /* SVGPolyline.swift */; };
		176BC9D11EE513F400F7B54C /* SVGPolyline.swift in Sources */ = {isa = PBXBuildFile; fileRef = 176BC9CF1EE513F400F7B54C /* SVGPolyline.swift */; };
		176BC9D21EE513F400F7B54C /* SVGPolyline.swift in Sources */ = {isa = PBXBuildFile; fileRef = 176BC9CF1EE513F400F7B54C /* SVGPolyline.swift */; };
		176BC9DA1EE5193D00F7B54C /* UIColorExtensionsTests.swift in Sources */ = {isa = PBXBuildFile; fileRef = 176BC9D91EE5193D00F7B54C /* UIColorExtensionsTests.swift */; };
		176BC9DB1EE5198800F7B54C /* UIColor+Extensions.swift in Sources */ = {isa = PBXBuildFile; fileRef = 9E245B6A1AAE383200472F5A /* UIColor+Extensions.swift */; };
		176BC9DC1EE51AA600F7B54C /* String+Subscript.swift in Sources */ = {isa = PBXBuildFile; fileRef = 9E245B691AAE383200472F5A /* String+Subscript.swift */; };
		176BC9DD1EE51AB800F7B54C /* UIBezierPath+SVG.swift in Sources */ = {isa = PBXBuildFile; fileRef = 9EA820871AAB6AD700DEE6CA /* UIBezierPath+SVG.swift */; };
		176BC9DE1EE51ABC00F7B54C /* SVGView.swift in Sources */ = {isa = PBXBuildFile; fileRef = 9EB308781AC5BF350007DD82 /* SVGView.swift */; };
		176BC9E01EE51ADA00F7B54C /* Stack.swift in Sources */ = {isa = PBXBuildFile; fileRef = 9E245BDA1AAE3FE000472F5A /* Stack.swift */; };
		176BC9E11EE51AE500F7B54C /* Dictionary+Merge.swift in Sources */ = {isa = PBXBuildFile; fileRef = 176BC9BB1EE4AE2700F7B54C /* Dictionary+Merge.swift */; };
		176BC9E21EE51AEB00F7B54C /* CAShapeLayer+SVG.swift in Sources */ = {isa = PBXBuildFile; fileRef = 9E245BDE1AAE470D00472F5A /* CAShapeLayer+SVG.swift */; };
		176BC9E31EE51AF600F7B54C /* SVGCircle.swift in Sources */ = {isa = PBXBuildFile; fileRef = 176BC9AC1EE48CE800F7B54C /* SVGCircle.swift */; };
		176BC9E41EE51AF600F7B54C /* SVGEllipse.swift in Sources */ = {isa = PBXBuildFile; fileRef = 176BC9C31EE4C04100F7B54C /* SVGEllipse.swift */; };
		176BC9E51EE51AF600F7B54C /* SVGLine.swift in Sources */ = {isa = PBXBuildFile; fileRef = 176BC9C91EE4C26C00F7B54C /* SVGLine.swift */; };
		176BC9E61EE51AF600F7B54C /* SVGPath.swift in Sources */ = {isa = PBXBuildFile; fileRef = 175093C51E6C720C00EF1853 /* SVGPath.swift */; };
		176BC9E71EE51AF600F7B54C /* SVGRectangle.swift in Sources */ = {isa = PBXBuildFile; fileRef = 176BC9B51EE498C700F7B54C /* SVGRectangle.swift */; };
		176BC9E81EE51AF600F7B54C /* SVGShapeElement.swift in Sources */ = {isa = PBXBuildFile; fileRef = 176BC9B21EE4946B00F7B54C /* SVGShapeElement.swift */; };
		176BC9E91EE51B0700F7B54C /* CrossPlatform.swift in Sources */ = {isa = PBXBuildFile; fileRef = 8AC4DBE91CB37EA700137DC9 /* CrossPlatform.swift */; };
		176BC9EA1EE51B1700F7B54C /* SVGParser.swift in Sources */ = {isa = PBXBuildFile; fileRef = 175093BE1E6C666600EF1853 /* SVGParser.swift */; };
		176BC9EB1EE51B1700F7B54C /* SVGParserConfiguration.swift in Sources */ = {isa = PBXBuildFile; fileRef = 175093C01E6C669F00EF1853 /* SVGParserConfiguration.swift */; };
		176BC9ED1EE5A1CD00F7B54C /* SVGGroup.swift in Sources */ = {isa = PBXBuildFile; fileRef = 176BC9EC1EE5A1CD00F7B54C /* SVGGroup.swift */; };
		176BC9EE1EE5A1CD00F7B54C /* SVGGroup.swift in Sources */ = {isa = PBXBuildFile; fileRef = 176BC9EC1EE5A1CD00F7B54C /* SVGGroup.swift */; };
		176BC9EF1EE5A1CD00F7B54C /* SVGGroup.swift in Sources */ = {isa = PBXBuildFile; fileRef = 176BC9EC1EE5A1CD00F7B54C /* SVGGroup.swift */; };
		176BC9F21EE62AF300F7B54C /* CoordinateLexer.swift in Sources */ = {isa = PBXBuildFile; fileRef = 176BC9F11EE62AF300F7B54C /* CoordinateLexer.swift */; };
		176BC9F41EE62B6100F7B54C /* String+Trim.swift in Sources */ = {isa = PBXBuildFile; fileRef = 176BC9F31EE62B6100F7B54C /* String+Trim.swift */; };
		176BC9F71EE6310300F7B54C /* IteratorTests.swift in Sources */ = {isa = PBXBuildFile; fileRef = 176BC9F61EE6310300F7B54C /* IteratorTests.swift */; };
		176BC9F81EE6313800F7B54C /* CoordinateLexer.swift in Sources */ = {isa = PBXBuildFile; fileRef = 176BC9F11EE62AF300F7B54C /* CoordinateLexer.swift */; };
		176BC9F91EE6313900F7B54C /* CoordinateLexer.swift in Sources */ = {isa = PBXBuildFile; fileRef = 176BC9F11EE62AF300F7B54C /* CoordinateLexer.swift */; };
		176BC9FA1EE631FC00F7B54C /* String+Trim.swift in Sources */ = {isa = PBXBuildFile; fileRef = 176BC9F31EE62B6100F7B54C /* String+Trim.swift */; };
		176BC9FB1EE631FD00F7B54C /* String+Trim.swift in Sources */ = {isa = PBXBuildFile; fileRef = 176BC9F31EE62B6100F7B54C /* String+Trim.swift */; };
		176BC9FD1EE63EEE00F7B54C /* SVGPolygon.swift in Sources */ = {isa = PBXBuildFile; fileRef = 176BC9FC1EE63EEE00F7B54C /* SVGPolygon.swift */; };
		17CCE7381EE666D6007FA5AD /* Scalar+FromByteArray.swift in Sources */ = {isa = PBXBuildFile; fileRef = 17CCE7371EE666D6007FA5AD /* Scalar+FromByteArray.swift */; };
		17CCE73A1EE66C17007FA5AD /* CGFloatExtensionsTests.swift in Sources */ = {isa = PBXBuildFile; fileRef = 17CCE7391EE66C17007FA5AD /* CGFloatExtensionsTests.swift */; };
		17CCE73B1EE66CBD007FA5AD /* Scalar+FromByteArray.swift in Sources */ = {isa = PBXBuildFile; fileRef = 17CCE7371EE666D6007FA5AD /* Scalar+FromByteArray.swift */; };
		17CCE73C1EE66CBE007FA5AD /* Scalar+FromByteArray.swift in Sources */ = {isa = PBXBuildFile; fileRef = 17CCE7371EE666D6007FA5AD /* Scalar+FromByteArray.swift */; };
		17CCE73D1EE66CD6007FA5AD /* String+SVG.swift in Sources */ = {isa = PBXBuildFile; fileRef = 9EA820851AAB649700DEE6CA /* String+SVG.swift */; };
		17CCE73E1EE66CE8007FA5AD /* SVGPolygon.swift in Sources */ = {isa = PBXBuildFile; fileRef = 176BC9FC1EE63EEE00F7B54C /* SVGPolygon.swift */; };
		17CCE73F1EE66CE9007FA5AD /* SVGPolygon.swift in Sources */ = {isa = PBXBuildFile; fileRef = 176BC9FC1EE63EEE00F7B54C /* SVGPolygon.swift */; };
		17D570711E1F429D007CED68 /* NSBezierPath+CrossPlatform.swift in Sources */ = {isa = PBXBuildFile; fileRef = 17D5706F1E1F4285007CED68 /* NSBezierPath+CrossPlatform.swift */; };
		381E99AA1EF801BB00839918 /* LineToTests.swift in Sources */ = {isa = PBXBuildFile; fileRef = 381E99A91EF801BB00839918 /* LineToTests.swift */; };
		381E99AB1EF801DA00839918 /* PathDLexer.swift in Sources */ = {isa = PBXBuildFile; fileRef = 174FF06C1EF10691003F3DBE /* PathDLexer.swift */; };
		381E99AD1EF8946E00839918 /* ScalarFromByteArrayTests.swift in Sources */ = {isa = PBXBuildFile; fileRef = 381E99AC1EF8946E00839918 /* ScalarFromByteArrayTests.swift */; };
		381E99AF1EF8A55000839918 /* MoveToTests.swift in Sources */ = {isa = PBXBuildFile; fileRef = 381E99AE1EF8A55000839918 /* MoveToTests.swift */; };
		381E99B11EF8AFE500839918 /* PathCommand.swift in Sources */ = {isa = PBXBuildFile; fileRef = 381E99B01EF8AFE500839918 /* PathCommand.swift */; };
		381E99B21EF8B30F00839918 /* PathCommand.swift in Sources */ = {isa = PBXBuildFile; fileRef = 381E99B01EF8AFE500839918 /* PathCommand.swift */; };
		381E99B41EF8C72900839918 /* TestHarness.swift in Sources */ = {isa = PBXBuildFile; fileRef = 381E99B31EF8C72900839918 /* TestHarness.swift */; };
		396A8E491B3D2036001986AF /* SwiftSVGMacFramework.h in Headers */ = {isa = PBXBuildFile; fileRef = 396A8E481B3D2036001986AF /* SwiftSVGMacFramework.h */; settings = {ATTRIBUTES = (Public, ); }; };
		396A8E6F1B3D238B001986AF /* String+Subscript.swift in Sources */ = {isa = PBXBuildFile; fileRef = 9E245B691AAE383200472F5A /* String+Subscript.swift */; };
		396A8E701B3D238B001986AF /* Scalar+FromHex.swift in Sources */ = {isa = PBXBuildFile; fileRef = 9E245B6B1AAE383200472F5A /* Scalar+FromHex.swift */; };
		396A8E711B3D238B001986AF /* Stack.swift in Sources */ = {isa = PBXBuildFile; fileRef = 9E245BDA1AAE3FE000472F5A /* Stack.swift */; };
		396A8E721B3D238B001986AF /* UIColor+Extensions.swift in Sources */ = {isa = PBXBuildFile; fileRef = 9E245B6A1AAE383200472F5A /* UIColor+Extensions.swift */; };
		396A8E731B3D238B001986AF /* CAShapeLayer+SVG.swift in Sources */ = {isa = PBXBuildFile; fileRef = 9E245BDE1AAE470D00472F5A /* CAShapeLayer+SVG.swift */; };
		396A8E741B3D238B001986AF /* String+SVG.swift in Sources */ = {isa = PBXBuildFile; fileRef = 9EA820851AAB649700DEE6CA /* String+SVG.swift */; };
		396A8E761B3D238B001986AF /* SVGView.swift in Sources */ = {isa = PBXBuildFile; fileRef = 9EB308781AC5BF350007DD82 /* SVGView.swift */; };
		396A8E771B3D238B001986AF /* UIBezierPath+SVG.swift in Sources */ = {isa = PBXBuildFile; fileRef = 9EA820871AAB6AD700DEE6CA /* UIBezierPath+SVG.swift */; };
		396A8E781B3D238B001986AF /* UIView+SVG.swift in Sources */ = {isa = PBXBuildFile; fileRef = 9E25E9031AB0D4C600E8D6CB /* UIView+SVG.swift */; };
		39B8D8911B3C3283009DAF60 /* SwiftSVGiOSFramework.h in Headers */ = {isa = PBXBuildFile; fileRef = 39B8D8901B3C3283009DAF60 /* SwiftSVGiOSFramework.h */; settings = {ATTRIBUTES = (Public, ); }; };
		39B8D8A71B3C32DD009DAF60 /* String+Subscript.swift in Sources */ = {isa = PBXBuildFile; fileRef = 9E245B691AAE383200472F5A /* String+Subscript.swift */; };
		39B8D8A81B3C32DD009DAF60 /* Scalar+FromHex.swift in Sources */ = {isa = PBXBuildFile; fileRef = 9E245B6B1AAE383200472F5A /* Scalar+FromHex.swift */; };
		39B8D8A91B3C32DD009DAF60 /* Stack.swift in Sources */ = {isa = PBXBuildFile; fileRef = 9E245BDA1AAE3FE000472F5A /* Stack.swift */; };
		39B8D8AA1B3C32DD009DAF60 /* UIColor+Extensions.swift in Sources */ = {isa = PBXBuildFile; fileRef = 9E245B6A1AAE383200472F5A /* UIColor+Extensions.swift */; };
		39B8D8AB1B3C32DD009DAF60 /* CAShapeLayer+SVG.swift in Sources */ = {isa = PBXBuildFile; fileRef = 9E245BDE1AAE470D00472F5A /* CAShapeLayer+SVG.swift */; };
		39B8D8AC1B3C32DD009DAF60 /* String+SVG.swift in Sources */ = {isa = PBXBuildFile; fileRef = 9EA820851AAB649700DEE6CA /* String+SVG.swift */; };
		39B8D8AE1B3C32DD009DAF60 /* SVGView.swift in Sources */ = {isa = PBXBuildFile; fileRef = 9EB308781AC5BF350007DD82 /* SVGView.swift */; };
		39B8D8AF1B3C32DD009DAF60 /* UIBezierPath+SVG.swift in Sources */ = {isa = PBXBuildFile; fileRef = 9EA820871AAB6AD700DEE6CA /* UIBezierPath+SVG.swift */; };
		39B8D8B01B3C32DD009DAF60 /* UIView+SVG.swift in Sources */ = {isa = PBXBuildFile; fileRef = 9E25E9031AB0D4C600E8D6CB /* UIView+SVG.swift */; };
		8AC4DBEA1CB37EA700137DC9 /* CrossPlatform.swift in Sources */ = {isa = PBXBuildFile; fileRef = 8AC4DBE91CB37EA700137DC9 /* CrossPlatform.swift */; };
		8AC4DBEB1CB37EBD00137DC9 /* CrossPlatform.swift in Sources */ = {isa = PBXBuildFile; fileRef = 8AC4DBE91CB37EA700137DC9 /* CrossPlatform.swift */; };
/* End PBXBuildFile section */

/* Begin PBXContainerItemProxy section */
		176BC9961EE474D200F7B54C /* PBXContainerItemProxy */ = {
			isa = PBXContainerItemProxy;
			containerPortal = 9EA820581AAB15C800DEE6CA /* Project object */;
			proxyType = 1;
			remoteGlobalIDString = 39B8D88B1B3C3283009DAF60;
			remoteInfo = SwiftSVGiOS;
		};
/* End PBXContainerItemProxy section */

/* Begin PBXFileReference section */
		174FF06C1EF10691003F3DBE /* PathDLexer.swift */ = {isa = PBXFileReference; fileEncoding = 4; lastKnownFileType = sourcecode.swift; path = PathDLexer.swift; sourceTree = "<group>"; };
		175093BE1E6C666600EF1853 /* SVGParser.swift */ = {isa = PBXFileReference; fileEncoding = 4; lastKnownFileType = sourcecode.swift; path = SVGParser.swift; sourceTree = "<group>"; };
		175093C01E6C669F00EF1853 /* SVGParserConfiguration.swift */ = {isa = PBXFileReference; fileEncoding = 4; lastKnownFileType = sourcecode.swift; path = SVGParserConfiguration.swift; sourceTree = "<group>"; };
		175093C21E6C6C2100EF1853 /* SVGElement.swift */ = {isa = PBXFileReference; fileEncoding = 4; lastKnownFileType = sourcecode.swift; path = SVGElement.swift; sourceTree = "<group>"; };
		175093C51E6C720C00EF1853 /* SVGPath.swift */ = {isa = PBXFileReference; fileEncoding = 4; lastKnownFileType = sourcecode.swift; path = SVGPath.swift; sourceTree = "<group>"; };
		175093CB1E6C773600EF1853 /* SVGRootElement.swift */ = {isa = PBXFileReference; fileEncoding = 4; lastKnownFileType = sourcecode.swift; path = SVGRootElement.swift; sourceTree = "<group>"; };
		176A89071EEC781E00764E8E /* Globals.swift */ = {isa = PBXFileReference; fileEncoding = 4; lastKnownFileType = sourcecode.swift; path = Globals.swift; sourceTree = "<group>"; };
		176BC9901EE474D100F7B54C /* SwiftSVGiOSTests.xctest */ = {isa = PBXFileReference; explicitFileType = wrapper.cfbundle; includeInIndex = 0; path = SwiftSVGiOSTests.xctest; sourceTree = BUILT_PRODUCTS_DIR; };
		176BC9921EE474D200F7B54C /* SwiftSVGiOSTests.swift */ = {isa = PBXFileReference; lastKnownFileType = sourcecode.swift; path = SwiftSVGiOSTests.swift; sourceTree = "<group>"; };
		176BC9941EE474D200F7B54C /* Info.plist */ = {isa = PBXFileReference; lastKnownFileType = text.plist.xml; path = Info.plist; sourceTree = "<group>"; };
		176BC99B1EE475EE00F7B54C /* FloatingPointParseLengthTests.swift */ = {isa = PBXFileReference; fileEncoding = 4; lastKnownFileType = sourcecode.swift; path = FloatingPointParseLengthTests.swift; sourceTree = "<group>"; };
		176BC99F1EE47F8B00F7B54C /* ScalarFromHexTests.swift */ = {isa = PBXFileReference; fileEncoding = 4; lastKnownFileType = sourcecode.swift; path = ScalarFromHexTests.swift; sourceTree = "<group>"; };
		176BC9A31EE484B400F7B54C /* FloatingPoint+ParseLengthString.swift */ = {isa = PBXFileReference; fileEncoding = 4; lastKnownFileType = sourcecode.swift; path = "FloatingPoint+ParseLengthString.swift"; sourceTree = "<group>"; };
		176BC9A71EE4868A00F7B54C /* SVGRootElementTests.swift */ = {isa = PBXFileReference; fileEncoding = 4; lastKnownFileType = sourcecode.swift; path = SVGRootElementTests.swift; sourceTree = "<group>"; };
		176BC9AC1EE48CE800F7B54C /* SVGCircle.swift */ = {isa = PBXFileReference; fileEncoding = 4; lastKnownFileType = sourcecode.swift; path = SVGCircle.swift; sourceTree = "<group>"; };
		176BC9B21EE4946B00F7B54C /* SVGShapeElement.swift */ = {isa = PBXFileReference; fileEncoding = 4; lastKnownFileType = sourcecode.swift; path = SVGShapeElement.swift; sourceTree = "<group>"; };
		176BC9B51EE498C700F7B54C /* SVGRectangle.swift */ = {isa = PBXFileReference; fileEncoding = 4; lastKnownFileType = sourcecode.swift; path = SVGRectangle.swift; sourceTree = "<group>"; };
		176BC9BB1EE4AE2700F7B54C /* Dictionary+Merge.swift */ = {isa = PBXFileReference; fileEncoding = 4; lastKnownFileType = sourcecode.swift; path = "Dictionary+Merge.swift"; sourceTree = "<group>"; };
		176BC9C31EE4C04100F7B54C /* SVGEllipse.swift */ = {isa = PBXFileReference; fileEncoding = 4; lastKnownFileType = sourcecode.swift; path = SVGEllipse.swift; sourceTree = "<group>"; };
		176BC9C91EE4C26C00F7B54C /* SVGLine.swift */ = {isa = PBXFileReference; fileEncoding = 4; lastKnownFileType = sourcecode.swift; path = SVGLine.swift; sourceTree = "<group>"; };
		176BC9CF1EE513F400F7B54C /* SVGPolyline.swift */ = {isa = PBXFileReference; fileEncoding = 4; lastKnownFileType = sourcecode.swift; path = SVGPolyline.swift; sourceTree = "<group>"; };
		176BC9D91EE5193D00F7B54C /* UIColorExtensionsTests.swift */ = {isa = PBXFileReference; fileEncoding = 4; lastKnownFileType = sourcecode.swift; path = UIColorExtensionsTests.swift; sourceTree = "<group>"; };
		176BC9EC1EE5A1CD00F7B54C /* SVGGroup.swift */ = {isa = PBXFileReference; fileEncoding = 4; lastKnownFileType = sourcecode.swift; path = SVGGroup.swift; sourceTree = "<group>"; };
		176BC9F11EE62AF300F7B54C /* CoordinateLexer.swift */ = {isa = PBXFileReference; fileEncoding = 4; lastKnownFileType = sourcecode.swift; path = CoordinateLexer.swift; sourceTree = "<group>"; };
		176BC9F31EE62B6100F7B54C /* String+Trim.swift */ = {isa = PBXFileReference; fileEncoding = 4; lastKnownFileType = sourcecode.swift; path = "String+Trim.swift"; sourceTree = "<group>"; };
		176BC9F61EE6310300F7B54C /* IteratorTests.swift */ = {isa = PBXFileReference; fileEncoding = 4; lastKnownFileType = sourcecode.swift; path = IteratorTests.swift; sourceTree = "<group>"; };
		176BC9FC1EE63EEE00F7B54C /* SVGPolygon.swift */ = {isa = PBXFileReference; fileEncoding = 4; lastKnownFileType = sourcecode.swift; path = SVGPolygon.swift; sourceTree = "<group>"; };
		17CCE7371EE666D6007FA5AD /* Scalar+FromByteArray.swift */ = {isa = PBXFileReference; lastKnownFileType = sourcecode.swift; path = "Scalar+FromByteArray.swift"; sourceTree = "<group>"; };
		17CCE7391EE66C17007FA5AD /* CGFloatExtensionsTests.swift */ = {isa = PBXFileReference; lastKnownFileType = sourcecode.swift; path = CGFloatExtensionsTests.swift; sourceTree = "<group>"; };
		17D5706F1E1F4285007CED68 /* NSBezierPath+CrossPlatform.swift */ = {isa = PBXFileReference; fileEncoding = 4; lastKnownFileType = sourcecode.swift; path = "NSBezierPath+CrossPlatform.swift"; sourceTree = "<group>"; };
		381E99A91EF801BB00839918 /* LineToTests.swift */ = {isa = PBXFileReference; fileEncoding = 4; lastKnownFileType = sourcecode.swift; path = LineToTests.swift; sourceTree = "<group>"; };
		381E99AC1EF8946E00839918 /* ScalarFromByteArrayTests.swift */ = {isa = PBXFileReference; fileEncoding = 4; lastKnownFileType = sourcecode.swift; path = ScalarFromByteArrayTests.swift; sourceTree = "<group>"; };
		381E99AE1EF8A55000839918 /* MoveToTests.swift */ = {isa = PBXFileReference; fileEncoding = 4; lastKnownFileType = sourcecode.swift; path = MoveToTests.swift; sourceTree = "<group>"; };
		381E99B01EF8AFE500839918 /* PathCommand.swift */ = {isa = PBXFileReference; fileEncoding = 4; lastKnownFileType = sourcecode.swift; path = PathCommand.swift; sourceTree = "<group>"; };
		381E99B31EF8C72900839918 /* TestHarness.swift */ = {isa = PBXFileReference; fileEncoding = 4; lastKnownFileType = sourcecode.swift; path = TestHarness.swift; sourceTree = "<group>"; };
		396A8E441B3D2036001986AF /* SwiftSVGMac.framework */ = {isa = PBXFileReference; explicitFileType = wrapper.framework; includeInIndex = 0; path = SwiftSVGMac.framework; sourceTree = BUILT_PRODUCTS_DIR; };
		396A8E471B3D2036001986AF /* Info.plist */ = {isa = PBXFileReference; lastKnownFileType = text.plist.xml; name = Info.plist; path = ../SwiftSVGMacFramework/Info.plist; sourceTree = "<group>"; };
		396A8E481B3D2036001986AF /* SwiftSVGMacFramework.h */ = {isa = PBXFileReference; lastKnownFileType = sourcecode.c.h; name = SwiftSVGMacFramework.h; path = ../SwiftSVGMacFramework/SwiftSVGMacFramework.h; sourceTree = "<group>"; };
		39B8D88C1B3C3283009DAF60 /* SwiftSVGiOS.framework */ = {isa = PBXFileReference; explicitFileType = wrapper.framework; includeInIndex = 0; path = SwiftSVGiOS.framework; sourceTree = BUILT_PRODUCTS_DIR; };
		39B8D88F1B3C3283009DAF60 /* Info.plist */ = {isa = PBXFileReference; lastKnownFileType = text.plist.xml; path = Info.plist; sourceTree = "<group>"; };
		39B8D8901B3C3283009DAF60 /* SwiftSVGiOSFramework.h */ = {isa = PBXFileReference; lastKnownFileType = sourcecode.c.h; path = SwiftSVGiOSFramework.h; sourceTree = "<group>"; };
		8AC4DBE91CB37EA700137DC9 /* CrossPlatform.swift */ = {isa = PBXFileReference; fileEncoding = 4; lastKnownFileType = sourcecode.swift; path = CrossPlatform.swift; sourceTree = "<group>"; };
		9E245B691AAE383200472F5A /* String+Subscript.swift */ = {isa = PBXFileReference; fileEncoding = 4; lastKnownFileType = sourcecode.swift; path = "String+Subscript.swift"; sourceTree = "<group>"; };
		9E245B6A1AAE383200472F5A /* UIColor+Extensions.swift */ = {isa = PBXFileReference; fileEncoding = 4; lastKnownFileType = sourcecode.swift; path = "UIColor+Extensions.swift"; sourceTree = "<group>"; };
		9E245B6B1AAE383200472F5A /* Scalar+FromHex.swift */ = {isa = PBXFileReference; fileEncoding = 4; lastKnownFileType = sourcecode.swift; path = "Scalar+FromHex.swift"; sourceTree = "<group>"; };
		9E245BDA1AAE3FE000472F5A /* Stack.swift */ = {isa = PBXFileReference; fileEncoding = 4; lastKnownFileType = sourcecode.swift; path = Stack.swift; sourceTree = "<group>"; };
		9E245BDE1AAE470D00472F5A /* CAShapeLayer+SVG.swift */ = {isa = PBXFileReference; fileEncoding = 4; lastKnownFileType = sourcecode.swift; path = "CAShapeLayer+SVG.swift"; sourceTree = "<group>"; };
		9E25E9031AB0D4C600E8D6CB /* UIView+SVG.swift */ = {isa = PBXFileReference; fileEncoding = 4; lastKnownFileType = sourcecode.swift; path = "UIView+SVG.swift"; sourceTree = "<group>"; };
		9EA820851AAB649700DEE6CA /* String+SVG.swift */ = {isa = PBXFileReference; fileEncoding = 4; lastKnownFileType = sourcecode.swift; path = "String+SVG.swift"; sourceTree = "<group>"; };
		9EA820871AAB6AD700DEE6CA /* UIBezierPath+SVG.swift */ = {isa = PBXFileReference; fileEncoding = 4; lastKnownFileType = sourcecode.swift; path = "UIBezierPath+SVG.swift"; sourceTree = "<group>"; };
		9EB308781AC5BF350007DD82 /* SVGView.swift */ = {isa = PBXFileReference; fileEncoding = 4; lastKnownFileType = sourcecode.swift; path = SVGView.swift; sourceTree = "<group>"; };
/* End PBXFileReference section */

/* Begin PBXFrameworksBuildPhase section */
		176BC98D1EE474D100F7B54C /* Frameworks */ = {
			isa = PBXFrameworksBuildPhase;
			buildActionMask = 2147483647;
			files = (
				176BC9951EE474D200F7B54C /* SwiftSVGiOS.framework in Frameworks */,
			);
			runOnlyForDeploymentPostprocessing = 0;
		};
		396A8E401B3D2036001986AF /* Frameworks */ = {
			isa = PBXFrameworksBuildPhase;
			buildActionMask = 2147483647;
			files = (
			);
			runOnlyForDeploymentPostprocessing = 0;
		};
		39B8D8881B3C3283009DAF60 /* Frameworks */ = {
			isa = PBXFrameworksBuildPhase;
			buildActionMask = 2147483647;
			files = (
			);
			runOnlyForDeploymentPostprocessing = 0;
		};
/* End PBXFrameworksBuildPhase section */

/* Begin PBXGroup section */
		176BC9911EE474D200F7B54C /* SwiftSVGiOSTests */ = {
			isa = PBXGroup;
			children = (
				176BC9A91EE4869500F7B54C /* Element Tests */,
				176BC9A11EE47F8F00F7B54C /* Helper Tests */,
				176BC9F51EE630E800F7B54C /* Iterator Tests */,
				176BC9921EE474D200F7B54C /* SwiftSVGiOSTests.swift */,
				176BC9941EE474D200F7B54C /* Info.plist */,
				381E99B31EF8C72900839918 /* TestHarness.swift */,
			);
			path = SwiftSVGiOSTests;
			sourceTree = "<group>";
		};
		176BC9A11EE47F8F00F7B54C /* Helper Tests */ = {
			isa = PBXGroup;
			children = (
				17CCE7391EE66C17007FA5AD /* CGFloatExtensionsTests.swift */,
				176BC99B1EE475EE00F7B54C /* FloatingPointParseLengthTests.swift */,
				176BC99F1EE47F8B00F7B54C /* ScalarFromHexTests.swift */,
				176BC9D91EE5193D00F7B54C /* UIColorExtensionsTests.swift */,
				381E99AC1EF8946E00839918 /* ScalarFromByteArrayTests.swift */,
			);
			name = "Helper Tests";
			sourceTree = "<group>";
		};
		176BC9A91EE4869500F7B54C /* Element Tests */ = {
			isa = PBXGroup;
			children = (
				176BC9A71EE4868A00F7B54C /* SVGRootElementTests.swift */,
			);
			name = "Element Tests";
			sourceTree = "<group>";
		};
		176BC9F51EE630E800F7B54C /* Iterator Tests */ = {
			isa = PBXGroup;
			children = (
				176BC9F61EE6310300F7B54C /* IteratorTests.swift */,
				381E99A91EF801BB00839918 /* LineToTests.swift */,
				381E99AE1EF8A55000839918 /* MoveToTests.swift */,
			);
			name = "Iterator Tests";
			sourceTree = "<group>";
		};
		17CCE7311EE64D84007FA5AD /* Elements */ = {
			isa = PBXGroup;
			children = (
				176BC9AC1EE48CE800F7B54C /* SVGCircle.swift */,
				175093C21E6C6C2100EF1853 /* SVGElement.swift */,
				176BC9C31EE4C04100F7B54C /* SVGEllipse.swift */,
				176BC9EC1EE5A1CD00F7B54C /* SVGGroup.swift */,
				176BC9C91EE4C26C00F7B54C /* SVGLine.swift */,
				175093C51E6C720C00EF1853 /* SVGPath.swift */,
				176BC9FC1EE63EEE00F7B54C /* SVGPolygon.swift */,
				176BC9CF1EE513F400F7B54C /* SVGPolyline.swift */,
				176BC9B51EE498C700F7B54C /* SVGRectangle.swift */,
				175093CB1E6C773600EF1853 /* SVGRootElement.swift */,
				176BC9B21EE4946B00F7B54C /* SVGShapeElement.swift */,
			);
			path = Elements;
			sourceTree = "<group>";
		};
		17CCE7321EE64D91007FA5AD /* Helpers */ = {
			isa = PBXGroup;
			children = (
				17CCE7371EE666D6007FA5AD /* Scalar+FromByteArray.swift */,
				176BC9BB1EE4AE2700F7B54C /* Dictionary+Merge.swift */,
				176BC9A31EE484B400F7B54C /* FloatingPoint+ParseLengthString.swift */,
				9E245B691AAE383200472F5A /* String+Subscript.swift */,
				9E245BDA1AAE3FE000472F5A /* Stack.swift */,
				9E245B6B1AAE383200472F5A /* Scalar+FromHex.swift */,
				176BC9F31EE62B6100F7B54C /* String+Trim.swift */,
				9E245B6A1AAE383200472F5A /* UIColor+Extensions.swift */,
				176A89071EEC781E00764E8E /* Globals.swift */,
			);
			path = Helpers;
			sourceTree = "<group>";
		};
		17CCE7331EE64D9E007FA5AD /* Iterators */ = {
			isa = PBXGroup;
			children = (
				176BC9F11EE62AF300F7B54C /* CoordinateLexer.swift */,
				174FF06C1EF10691003F3DBE /* PathDLexer.swift */,
				381E99B01EF8AFE500839918 /* PathCommand.swift */,
			);
			path = Iterators;
			sourceTree = "<group>";
		};
		17CCE7341EE64DAD007FA5AD /* Parser */ = {
			isa = PBXGroup;
			children = (
				175093BE1E6C666600EF1853 /* SVGParser.swift */,
				175093C01E6C669F00EF1853 /* SVGParserConfiguration.swift */,
			);
			path = Parser;
			sourceTree = "<group>";
		};
		17CCE7351EE64DD5007FA5AD /* SVG Extensions */ = {
			isa = PBXGroup;
			children = (
				9E245BDE1AAE470D00472F5A /* CAShapeLayer+SVG.swift */,
				9EA820851AAB649700DEE6CA /* String+SVG.swift */,
				9EB308781AC5BF350007DD82 /* SVGView.swift */,
				9EA820871AAB6AD700DEE6CA /* UIBezierPath+SVG.swift */,
				9E25E9031AB0D4C600E8D6CB /* UIView+SVG.swift */,
			);
			path = "SVG Extensions";
			sourceTree = "<group>";
		};
		17CCE7361EE64E31007FA5AD /* SVG */ = {
			isa = PBXGroup;
			children = (
				17CCE7311EE64D84007FA5AD /* Elements */,
				17CCE7321EE64D91007FA5AD /* Helpers */,
				17CCE7331EE64D9E007FA5AD /* Iterators */,
				17CCE7341EE64DAD007FA5AD /* Parser */,
				17CCE7351EE64DD5007FA5AD /* SVG Extensions */,
			);
			path = SVG;
			sourceTree = "<group>";
		};
		396A8E451B3D2036001986AF /* SwiftSVGMacFramework */ = {
			isa = PBXGroup;
			children = (
				396A8E481B3D2036001986AF /* SwiftSVGMacFramework.h */,
				396A8E461B3D2036001986AF /* Supporting Files */,
			);
			name = SwiftSVGMacFramework;
			path = SwiftSVGMac.framework;
			sourceTree = "<group>";
		};
		396A8E461B3D2036001986AF /* Supporting Files */ = {
			isa = PBXGroup;
			children = (
				396A8E471B3D2036001986AF /* Info.plist */,
			);
			name = "Supporting Files";
			sourceTree = "<group>";
		};
		39B8D88D1B3C3283009DAF60 /* SwiftSVGiOSFramework */ = {
			isa = PBXGroup;
			children = (
				39B8D8901B3C3283009DAF60 /* SwiftSVGiOSFramework.h */,
				39B8D88E1B3C3283009DAF60 /* Supporting Files */,
			);
			path = SwiftSVGiOSFramework;
			sourceTree = "<group>";
		};
		39B8D88E1B3C3283009DAF60 /* Supporting Files */ = {
			isa = PBXGroup;
			children = (
				39B8D88F1B3C3283009DAF60 /* Info.plist */,
			);
			name = "Supporting Files";
			sourceTree = "<group>";
		};
		9EA820571AAB15C800DEE6CA = {
			isa = PBXGroup;
			children = (
				9EA820621AAB15C800DEE6CA /* SwiftSVG */,
				39B8D88D1B3C3283009DAF60 /* SwiftSVGiOSFramework */,
				396A8E451B3D2036001986AF /* SwiftSVGMacFramework */,
				176BC9911EE474D200F7B54C /* SwiftSVGiOSTests */,
				9EA820611AAB15C800DEE6CA /* Products */,
			);
			sourceTree = "<group>";
		};
		9EA820611AAB15C800DEE6CA /* Products */ = {
			isa = PBXGroup;
			children = (
				39B8D88C1B3C3283009DAF60 /* SwiftSVGiOS.framework */,
				396A8E441B3D2036001986AF /* SwiftSVGMac.framework */,
				176BC9901EE474D100F7B54C /* SwiftSVGiOSTests.xctest */,
			);
			name = Products;
			sourceTree = "<group>";
		};
		9EA820621AAB15C800DEE6CA /* SwiftSVG */ = {
			isa = PBXGroup;
			children = (
				17CCE7361EE64E31007FA5AD /* SVG */,
				8AC4DBE91CB37EA700137DC9 /* CrossPlatform.swift */,
				17D5706F1E1F4285007CED68 /* NSBezierPath+CrossPlatform.swift */,
			);
			path = SwiftSVG;
			sourceTree = "<group>";
		};
/* End PBXGroup section */

/* Begin PBXHeadersBuildPhase section */
		396A8E411B3D2036001986AF /* Headers */ = {
			isa = PBXHeadersBuildPhase;
			buildActionMask = 2147483647;
			files = (
				396A8E491B3D2036001986AF /* SwiftSVGMacFramework.h in Headers */,
			);
			runOnlyForDeploymentPostprocessing = 0;
		};
		39B8D8891B3C3283009DAF60 /* Headers */ = {
			isa = PBXHeadersBuildPhase;
			buildActionMask = 2147483647;
			files = (
				39B8D8911B3C3283009DAF60 /* SwiftSVGiOSFramework.h in Headers */,
			);
			runOnlyForDeploymentPostprocessing = 0;
		};
/* End PBXHeadersBuildPhase section */

/* Begin PBXNativeTarget section */
		176BC98F1EE474D100F7B54C /* SwiftSVGiOSTests */ = {
			isa = PBXNativeTarget;
			buildConfigurationList = 176BC9981EE474D200F7B54C /* Build configuration list for PBXNativeTarget "SwiftSVGiOSTests" */;
			buildPhases = (
				176BC98C1EE474D100F7B54C /* Sources */,
				176BC98D1EE474D100F7B54C /* Frameworks */,
				176BC98E1EE474D100F7B54C /* Resources */,
			);
			buildRules = (
			);
			dependencies = (
				176BC9971EE474D200F7B54C /* PBXTargetDependency */,
			);
			name = SwiftSVGiOSTests;
			productName = SwiftSVGiOSTests;
			productReference = 176BC9901EE474D100F7B54C /* SwiftSVGiOSTests.xctest */;
			productType = "com.apple.product-type.bundle.unit-test";
		};
		396A8E431B3D2036001986AF /* SwiftSVGMac */ = {
			isa = PBXNativeTarget;
			buildConfigurationList = 396A8E571B3D2036001986AF /* Build configuration list for PBXNativeTarget "SwiftSVGMac" */;
			buildPhases = (
				396A8E3F1B3D2036001986AF /* Sources */,
				396A8E401B3D2036001986AF /* Frameworks */,
				396A8E411B3D2036001986AF /* Headers */,
				396A8E421B3D2036001986AF /* Resources */,
			);
			buildRules = (
			);
			dependencies = (
			);
			name = SwiftSVGMac;
			productName = SwiftSVGMac.framework;
			productReference = 396A8E441B3D2036001986AF /* SwiftSVGMac.framework */;
			productType = "com.apple.product-type.framework";
		};
		39B8D88B1B3C3283009DAF60 /* SwiftSVGiOS */ = {
			isa = PBXNativeTarget;
			buildConfigurationList = 39B8D8A31B3C3284009DAF60 /* Build configuration list for PBXNativeTarget "SwiftSVGiOS" */;
			buildPhases = (
				39B8D8871B3C3283009DAF60 /* Sources */,
				39B8D8881B3C3283009DAF60 /* Frameworks */,
				39B8D8891B3C3283009DAF60 /* Headers */,
				39B8D88A1B3C3283009DAF60 /* Resources */,
			);
			buildRules = (
			);
			dependencies = (
			);
			name = SwiftSVGiOS;
			productName = SwiftSVGiOSFramework;
			productReference = 39B8D88C1B3C3283009DAF60 /* SwiftSVGiOS.framework */;
			productType = "com.apple.product-type.framework";
		};
/* End PBXNativeTarget section */

/* Begin PBXProject section */
		9EA820581AAB15C800DEE6CA /* Project object */ = {
			isa = PBXProject;
			attributes = {
				LastSwiftUpdateCheck = 0830;
				LastUpgradeCheck = 0820;
				ORGANIZATIONNAME = "Strauss LLC";
				TargetAttributes = {
					176BC98F1EE474D100F7B54C = {
						CreatedOnToolsVersion = 8.3.2;
						DevelopmentTeam = L2JNG48FS5;
						ProvisioningStyle = Automatic;
					};
					396A8E431B3D2036001986AF = {
						CreatedOnToolsVersion = 6.3.2;
						LastSwiftMigration = 0810;
					};
					39B8D88B1B3C3283009DAF60 = {
						CreatedOnToolsVersion = 6.3.2;
						LastSwiftMigration = 0810;
					};
				};
			};
			buildConfigurationList = 9EA8205B1AAB15C800DEE6CA /* Build configuration list for PBXProject "SwiftSVG" */;
			compatibilityVersion = "Xcode 3.2";
			developmentRegion = English;
			hasScannedForEncodings = 0;
			knownRegions = (
				en,
				Base,
			);
			mainGroup = 9EA820571AAB15C800DEE6CA;
			productRefGroup = 9EA820611AAB15C800DEE6CA /* Products */;
			projectDirPath = "";
			projectRoot = "";
			targets = (
				39B8D88B1B3C3283009DAF60 /* SwiftSVGiOS */,
				396A8E431B3D2036001986AF /* SwiftSVGMac */,
				176BC98F1EE474D100F7B54C /* SwiftSVGiOSTests */,
			);
		};
/* End PBXProject section */

/* Begin PBXResourcesBuildPhase section */
		176BC98E1EE474D100F7B54C /* Resources */ = {
			isa = PBXResourcesBuildPhase;
			buildActionMask = 2147483647;
			files = (
			);
			runOnlyForDeploymentPostprocessing = 0;
		};
		396A8E421B3D2036001986AF /* Resources */ = {
			isa = PBXResourcesBuildPhase;
			buildActionMask = 2147483647;
			files = (
			);
			runOnlyForDeploymentPostprocessing = 0;
		};
		39B8D88A1B3C3283009DAF60 /* Resources */ = {
			isa = PBXResourcesBuildPhase;
			buildActionMask = 2147483647;
			files = (
			);
			runOnlyForDeploymentPostprocessing = 0;
		};
/* End PBXResourcesBuildPhase section */

/* Begin PBXSourcesBuildPhase section */
		176BC98C1EE474D100F7B54C /* Sources */ = {
			isa = PBXSourcesBuildPhase;
			buildActionMask = 2147483647;
			files = (
				176BC9E21EE51AEB00F7B54C /* CAShapeLayer+SVG.swift in Sources */,
				176BC9A01EE47F8B00F7B54C /* ScalarFromHexTests.swift in Sources */,
				176BC9E71EE51AF600F7B54C /* SVGRectangle.swift in Sources */,
				176BC9F71EE6310300F7B54C /* IteratorTests.swift in Sources */,
				17CCE73F1EE66CE9007FA5AD /* SVGPolygon.swift in Sources */,
				176BC99C1EE475EE00F7B54C /* FloatingPointParseLengthTests.swift in Sources */,
				176BC9DC1EE51AA600F7B54C /* String+Subscript.swift in Sources */,
				176BC9EA1EE51B1700F7B54C /* SVGParser.swift in Sources */,
				381E99B21EF8B30F00839918 /* PathCommand.swift in Sources */,
				176BC9EF1EE5A1CD00F7B54C /* SVGGroup.swift in Sources */,
				176BC9A21EE47FC300F7B54C /* Scalar+FromHex.swift in Sources */,
				176BC9DD1EE51AB800F7B54C /* UIBezierPath+SVG.swift in Sources */,
				381E99AF1EF8A55000839918 /* MoveToTests.swift in Sources */,
				176BC9AA1EE486BC00F7B54C /* SVGRootElement.swift in Sources */,
				176BC9DE1EE51ABC00F7B54C /* SVGView.swift in Sources */,
				176BC9EB1EE51B1700F7B54C /* SVGParserConfiguration.swift in Sources */,
				381E99AA1EF801BB00839918 /* LineToTests.swift in Sources */,
				176BC9E31EE51AF600F7B54C /* SVGCircle.swift in Sources */,
				176BC9D21EE513F400F7B54C /* SVGPolyline.swift in Sources */,
				176BC9E91EE51B0700F7B54C /* CrossPlatform.swift in Sources */,
				176BC9A81EE4868A00F7B54C /* SVGRootElementTests.swift in Sources */,
				17CCE73D1EE66CD6007FA5AD /* String+SVG.swift in Sources */,
				176BC9E11EE51AE500F7B54C /* Dictionary+Merge.swift in Sources */,
				176BC9AB1EE4872400F7B54C /* SVGElement.swift in Sources */,
				176BC9E61EE51AF600F7B54C /* SVGPath.swift in Sources */,
				176BC9E51EE51AF600F7B54C /* SVGLine.swift in Sources */,
				176BC9FB1EE631FD00F7B54C /* String+Trim.swift in Sources */,
				17CCE73C1EE66CBE007FA5AD /* Scalar+FromByteArray.swift in Sources */,
				176BC9E41EE51AF600F7B54C /* SVGEllipse.swift in Sources */,
				176BC9DB1EE5198800F7B54C /* UIColor+Extensions.swift in Sources */,
				176BC9F91EE6313900F7B54C /* CoordinateLexer.swift in Sources */,
				381E99B41EF8C72900839918 /* TestHarness.swift in Sources */,
				176BC9931EE474D200F7B54C /* SwiftSVGiOSTests.swift in Sources */,
				17CCE73A1EE66C17007FA5AD /* CGFloatExtensionsTests.swift in Sources */,
				176BC9E81EE51AF600F7B54C /* SVGShapeElement.swift in Sources */,
				176BC9E01EE51ADA00F7B54C /* Stack.swift in Sources */,
				381E99AB1EF801DA00839918 /* PathDLexer.swift in Sources */,
				176BC9A61EE484BE00F7B54C /* FloatingPoint+ParseLengthString.swift in Sources */,
				176BC9C11EE4BDA500F7B54C /* UIView+SVG.swift in Sources */,
				176BC9DA1EE5193D00F7B54C /* UIColorExtensionsTests.swift in Sources */,
				381E99AD1EF8946E00839918 /* ScalarFromByteArrayTests.swift in Sources */,
			);
			runOnlyForDeploymentPostprocessing = 0;
		};
		396A8E3F1B3D2036001986AF /* Sources */ = {
			isa = PBXSourcesBuildPhase;
			buildActionMask = 2147483647;
			files = (
				176BC9B71EE498C700F7B54C /* SVGRectangle.swift in Sources */,
				176BC9C51EE4C04100F7B54C /* SVGEllipse.swift in Sources */,
				17CCE73B1EE66CBD007FA5AD /* Scalar+FromByteArray.swift in Sources */,
				396A8E6F1B3D238B001986AF /* String+Subscript.swift in Sources */,
				396A8E701B3D238B001986AF /* Scalar+FromHex.swift in Sources */,
				176BC9EE1EE5A1CD00F7B54C /* SVGGroup.swift in Sources */,
				176BC9A51EE484B400F7B54C /* FloatingPoint+ParseLengthString.swift in Sources */,
				176BC9FA1EE631FC00F7B54C /* String+Trim.swift in Sources */,
				8AC4DBEB1CB37EBD00137DC9 /* CrossPlatform.swift in Sources */,
				176BC96B1EE3626B00F7B54C /* SVGParserConfiguration.swift in Sources */,
				176BC9B41EE4946B00F7B54C /* SVGShapeElement.swift in Sources */,
				396A8E711B3D238B001986AF /* Stack.swift in Sources */,
				176BC9D11EE513F400F7B54C /* SVGPolyline.swift in Sources */,
				396A8E721B3D238B001986AF /* UIColor+Extensions.swift in Sources */,
				176BC9AE1EE48CE800F7B54C /* SVGCircle.swift in Sources */,
				176BC96A1EE3626800F7B54C /* SVGParser.swift in Sources */,
				396A8E731B3D238B001986AF /* CAShapeLayer+SVG.swift in Sources */,
				396A8E741B3D238B001986AF /* String+SVG.swift in Sources */,
				176BC9F81EE6313800F7B54C /* CoordinateLexer.swift in Sources */,
				176BC96C1EE3626E00F7B54C /* SVGPath.swift in Sources */,
				176BC96D1EE3627100F7B54C /* SVGRootElement.swift in Sources */,
				176BC9BD1EE4AE2700F7B54C /* Dictionary+Merge.swift in Sources */,
				17D570711E1F429D007CED68 /* NSBezierPath+CrossPlatform.swift in Sources */,
				396A8E761B3D238B001986AF /* SVGView.swift in Sources */,
				176BC9681EE3626100F7B54C /* SVGElement.swift in Sources */,
				396A8E771B3D238B001986AF /* UIBezierPath+SVG.swift in Sources */,
				176BC9CB1EE4C26C00F7B54C /* SVGLine.swift in Sources */,
				17CCE73E1EE66CE8007FA5AD /* SVGPolygon.swift in Sources */,
				396A8E781B3D238B001986AF /* UIView+SVG.swift in Sources */,
			);
			runOnlyForDeploymentPostprocessing = 0;
		};
		39B8D8871B3C3283009DAF60 /* Sources */ = {
			isa = PBXSourcesBuildPhase;
			buildActionMask = 2147483647;
			files = (
				176A89081EEC781E00764E8E /* Globals.swift in Sources */,
				176BC9F41EE62B6100F7B54C /* String+Trim.swift in Sources */,
				39B8D8A71B3C32DD009DAF60 /* String+Subscript.swift in Sources */,
				17CCE7381EE666D6007FA5AD /* Scalar+FromByteArray.swift in Sources */,
				39B8D8A81B3C32DD009DAF60 /* Scalar+FromHex.swift in Sources */,
				39B8D8A91B3C32DD009DAF60 /* Stack.swift in Sources */,
				175093CC1E6C773600EF1853 /* SVGRootElement.swift in Sources */,
				176BC9BC1EE4AE2700F7B54C /* Dictionary+Merge.swift in Sources */,
				176BC9B61EE498C700F7B54C /* SVGRectangle.swift in Sources */,
				176BC9A41EE484B400F7B54C /* FloatingPoint+ParseLengthString.swift in Sources */,
				176BC9C41EE4C04100F7B54C /* SVGEllipse.swift in Sources */,
				175093C31E6C6C2100EF1853 /* SVGElement.swift in Sources */,
				176BC9AD1EE48CE800F7B54C /* SVGCircle.swift in Sources */,
				39B8D8AA1B3C32DD009DAF60 /* UIColor+Extensions.swift in Sources */,
				176BC9F21EE62AF300F7B54C /* CoordinateLexer.swift in Sources */,
				8AC4DBEA1CB37EA700137DC9 /* CrossPlatform.swift in Sources */,
				176BC9D01EE513F400F7B54C /* SVGPolyline.swift in Sources */,
				175093C11E6C669F00EF1853 /* SVGParserConfiguration.swift in Sources */,
				39B8D8AB1B3C32DD009DAF60 /* CAShapeLayer+SVG.swift in Sources */,
				175093BF1E6C666600EF1853 /* SVGParser.swift in Sources */,
				39B8D8AC1B3C32DD009DAF60 /* String+SVG.swift in Sources */,
				381E99B11EF8AFE500839918 /* PathCommand.swift in Sources */,
				176BC9B31EE4946B00F7B54C /* SVGShapeElement.swift in Sources */,
				176BC9ED1EE5A1CD00F7B54C /* SVGGroup.swift in Sources */,
				39B8D8AE1B3C32DD009DAF60 /* SVGView.swift in Sources */,
				39B8D8AF1B3C32DD009DAF60 /* UIBezierPath+SVG.swift in Sources */,
				175093C61E6C720C00EF1853 /* SVGPath.swift in Sources */,
				174FF06D1EF10691003F3DBE /* PathDLexer.swift in Sources */,
				176BC9CA1EE4C26C00F7B54C /* SVGLine.swift in Sources */,
				39B8D8B01B3C32DD009DAF60 /* UIView+SVG.swift in Sources */,
				176BC9FD1EE63EEE00F7B54C /* SVGPolygon.swift in Sources */,
			);
			runOnlyForDeploymentPostprocessing = 0;
		};
/* End PBXSourcesBuildPhase section */

/* Begin PBXTargetDependency section */
		176BC9971EE474D200F7B54C /* PBXTargetDependency */ = {
			isa = PBXTargetDependency;
			target = 39B8D88B1B3C3283009DAF60 /* SwiftSVGiOS */;
			targetProxy = 176BC9961EE474D200F7B54C /* PBXContainerItemProxy */;
		};
/* End PBXTargetDependency section */

/* Begin XCBuildConfiguration section */
		176BC9991EE474D200F7B54C /* Debug */ = {
			isa = XCBuildConfiguration;
			buildSettings = {
				CLANG_ANALYZER_NONNULL = YES;
				CLANG_ANALYZER_NUMBER_OBJECT_CONVERSION = YES_AGGRESSIVE;
				CLANG_WARN_DOCUMENTATION_COMMENTS = YES;
				DEBUG_INFORMATION_FORMAT = dwarf;
				DEVELOPMENT_TEAM = L2JNG48FS5;
				INFOPLIST_FILE = SwiftSVGiOSTests/Info.plist;
				IPHONEOS_DEPLOYMENT_TARGET = 10.3;
				LD_RUNPATH_SEARCH_PATHS = "$(inherited) @executable_path/Frameworks @loader_path/Frameworks";
				PRODUCT_BUNDLE_IDENTIFIER = com.straussmade.SwiftSVGiOSTests;
				PRODUCT_NAME = "$(TARGET_NAME)";
				SWIFT_ACTIVE_COMPILATION_CONDITIONS = DEBUG;
				SWIFT_VERSION = 3.0;
			};
			name = Debug;
		};
		176BC99A1EE474D200F7B54C /* Release */ = {
			isa = XCBuildConfiguration;
			buildSettings = {
				CLANG_ANALYZER_NONNULL = YES;
				CLANG_ANALYZER_NUMBER_OBJECT_CONVERSION = YES_AGGRESSIVE;
				CLANG_WARN_DOCUMENTATION_COMMENTS = YES;
				COPY_PHASE_STRIP = NO;
				DEBUG_INFORMATION_FORMAT = "dwarf-with-dsym";
				DEVELOPMENT_TEAM = L2JNG48FS5;
				INFOPLIST_FILE = SwiftSVGiOSTests/Info.plist;
				IPHONEOS_DEPLOYMENT_TARGET = 10.3;
				LD_RUNPATH_SEARCH_PATHS = "$(inherited) @executable_path/Frameworks @loader_path/Frameworks";
				PRODUCT_BUNDLE_IDENTIFIER = com.straussmade.SwiftSVGiOSTests;
				PRODUCT_NAME = "$(TARGET_NAME)";
				SWIFT_VERSION = 3.0;
			};
			name = Release;
		};
		396A8E581B3D2036001986AF /* Debug */ = {
			isa = XCBuildConfiguration;
			buildSettings = {
				COMBINE_HIDPI_IMAGES = YES;
				CURRENT_PROJECT_VERSION = 1;
				DEBUG_INFORMATION_FORMAT = dwarf;
				DEFINES_MODULE = YES;
				DYLIB_COMPATIBILITY_VERSION = 1;
				DYLIB_CURRENT_VERSION = 1;
				DYLIB_INSTALL_NAME_BASE = "@rpath";
				FRAMEWORK_VERSION = A;
				GCC_NO_COMMON_BLOCKS = YES;
				GCC_PREPROCESSOR_DEFINITIONS = (
					"DEBUG=1",
					"$(inherited)",
				);
				INFOPLIST_FILE = SwiftSVGMacFramework/Info.plist;
				INSTALL_PATH = "$(LOCAL_LIBRARY_DIR)/Frameworks";
				LD_RUNPATH_SEARCH_PATHS = "$(inherited) @executable_path/../Frameworks @loader_path/Frameworks";
				MACOSX_DEPLOYMENT_TARGET = 10.10;
				PRODUCT_BUNDLE_IDENTIFIER = com.straussmade.SwiftSVGMac;
				PRODUCT_NAME = "$(TARGET_NAME)";
				SDKROOT = macosx;
				SKIP_INSTALL = YES;
				SWIFT_VERSION = 3.0.1;
				VERSIONING_SYSTEM = "apple-generic";
				VERSION_INFO_PREFIX = "";
			};
			name = Debug;
		};
		396A8E591B3D2036001986AF /* Release */ = {
			isa = XCBuildConfiguration;
			buildSettings = {
				COMBINE_HIDPI_IMAGES = YES;
				COPY_PHASE_STRIP = NO;
				CURRENT_PROJECT_VERSION = 1;
				DEBUG_INFORMATION_FORMAT = "dwarf-with-dsym";
				DEFINES_MODULE = YES;
				DYLIB_COMPATIBILITY_VERSION = 1;
				DYLIB_CURRENT_VERSION = 1;
				DYLIB_INSTALL_NAME_BASE = "@rpath";
				FRAMEWORK_VERSION = A;
				GCC_NO_COMMON_BLOCKS = YES;
				INFOPLIST_FILE = SwiftSVGMacFramework/Info.plist;
				INSTALL_PATH = "$(LOCAL_LIBRARY_DIR)/Frameworks";
				LD_RUNPATH_SEARCH_PATHS = "$(inherited) @executable_path/../Frameworks @loader_path/Frameworks";
				MACOSX_DEPLOYMENT_TARGET = 10.10;
				PRODUCT_BUNDLE_IDENTIFIER = com.straussmade.SwiftSVGMac;
				PRODUCT_NAME = "$(TARGET_NAME)";
				SDKROOT = macosx;
				SKIP_INSTALL = YES;
				SWIFT_VERSION = 3.0.1;
				VERSIONING_SYSTEM = "apple-generic";
				VERSION_INFO_PREFIX = "";
			};
			name = Release;
		};
		39B8D89F1B3C3284009DAF60 /* Debug */ = {
			isa = XCBuildConfiguration;
			buildSettings = {
				"CODE_SIGN_IDENTITY[sdk=iphoneos*]" = "";
				CURRENT_PROJECT_VERSION = 1;
				DEBUG_INFORMATION_FORMAT = "dwarf-with-dsym";
				DEFINES_MODULE = YES;
				DYLIB_COMPATIBILITY_VERSION = 1;
				DYLIB_CURRENT_VERSION = 1;
				DYLIB_INSTALL_NAME_BASE = "@rpath";
				GCC_NO_COMMON_BLOCKS = YES;
				GCC_PREPROCESSOR_DEFINITIONS = (
					"DEBUG=1",
					"$(inherited)",
				);
				INFOPLIST_FILE = SwiftSVGiOSFramework/Info.plist;
				INSTALL_PATH = "$(LOCAL_LIBRARY_DIR)/Frameworks";
				IPHONEOS_DEPLOYMENT_TARGET = 8.0;
				LD_RUNPATH_SEARCH_PATHS = "$(inherited) @executable_path/Frameworks @loader_path/Frameworks";
				PRODUCT_BUNDLE_IDENTIFIER = "com.straussmade.$(PRODUCT_NAME:rfc1034identifier)";
				PRODUCT_NAME = "$(TARGET_NAME)";
				SKIP_INSTALL = YES;
				SWIFT_VERSION = 3.0.1;
				TARGETED_DEVICE_FAMILY = "1,2";
				VERSIONING_SYSTEM = "apple-generic";
				VERSION_INFO_PREFIX = "";
			};
			name = Debug;
		};
		39B8D8A01B3C3284009DAF60 /* Release */ = {
			isa = XCBuildConfiguration;
			buildSettings = {
				"CODE_SIGN_IDENTITY[sdk=iphoneos*]" = "";
				COPY_PHASE_STRIP = NO;
				CURRENT_PROJECT_VERSION = 1;
				DEBUG_INFORMATION_FORMAT = "dwarf-with-dsym";
				DEFINES_MODULE = YES;
				DYLIB_COMPATIBILITY_VERSION = 1;
				DYLIB_CURRENT_VERSION = 1;
				DYLIB_INSTALL_NAME_BASE = "@rpath";
				GCC_NO_COMMON_BLOCKS = YES;
				INFOPLIST_FILE = SwiftSVGiOSFramework/Info.plist;
				INSTALL_PATH = "$(LOCAL_LIBRARY_DIR)/Frameworks";
				IPHONEOS_DEPLOYMENT_TARGET = 8.0;
				LD_RUNPATH_SEARCH_PATHS = "$(inherited) @executable_path/Frameworks @loader_path/Frameworks";
				PRODUCT_BUNDLE_IDENTIFIER = "com.straussmade.$(PRODUCT_NAME:rfc1034identifier)";
				PRODUCT_NAME = "$(TARGET_NAME)";
				SKIP_INSTALL = YES;
				SWIFT_VERSION = 3.0.1;
				TARGETED_DEVICE_FAMILY = "1,2";
				VERSIONING_SYSTEM = "apple-generic";
				VERSION_INFO_PREFIX = "";
			};
			name = Release;
		};
		9EA8207D1AAB15C800DEE6CA /* Debug */ = {
			isa = XCBuildConfiguration;
			buildSettings = {
				ALWAYS_SEARCH_USER_PATHS = NO;
				CLANG_CXX_LANGUAGE_STANDARD = "gnu++0x";
				CLANG_CXX_LIBRARY = "libc++";
				CLANG_ENABLE_MODULES = YES;
				CLANG_ENABLE_OBJC_ARC = YES;
				CLANG_WARN_BOOL_CONVERSION = YES;
				CLANG_WARN_CONSTANT_CONVERSION = YES;
				CLANG_WARN_DIRECT_OBJC_ISA_USAGE = YES_ERROR;
				CLANG_WARN_EMPTY_BODY = YES;
				CLANG_WARN_ENUM_CONVERSION = YES;
				CLANG_WARN_INFINITE_RECURSION = YES;
				CLANG_WARN_INT_CONVERSION = YES;
				CLANG_WARN_OBJC_ROOT_CLASS = YES_ERROR;
				CLANG_WARN_SUSPICIOUS_MOVE = YES;
				CLANG_WARN_UNREACHABLE_CODE = YES;
				CLANG_WARN__DUPLICATE_METHOD_MATCH = YES;
				"CODE_SIGN_IDENTITY[sdk=iphoneos*]" = "iPhone Developer";
				COPY_PHASE_STRIP = NO;
				ENABLE_STRICT_OBJC_MSGSEND = YES;
				ENABLE_TESTABILITY = YES;
				GCC_C_LANGUAGE_STANDARD = gnu99;
				GCC_DYNAMIC_NO_PIC = NO;
				GCC_NO_COMMON_BLOCKS = YES;
				GCC_OPTIMIZATION_LEVEL = 0;
				GCC_PREPROCESSOR_DEFINITIONS = (
					"DEBUG=1",
					"$(inherited)",
				);
				GCC_SYMBOLS_PRIVATE_EXTERN = NO;
				GCC_WARN_64_TO_32_BIT_CONVERSION = YES;
				GCC_WARN_ABOUT_RETURN_TYPE = YES_ERROR;
				GCC_WARN_UNDECLARED_SELECTOR = YES;
				GCC_WARN_UNINITIALIZED_AUTOS = YES_AGGRESSIVE;
				GCC_WARN_UNUSED_FUNCTION = YES;
				GCC_WARN_UNUSED_VARIABLE = YES;
				IPHONEOS_DEPLOYMENT_TARGET = 8.1;
				MTL_ENABLE_DEBUG_INFO = YES;
				ONLY_ACTIVE_ARCH = YES;
				SDKROOT = iphoneos;
				SWIFT_OPTIMIZATION_LEVEL = "-Onone";
			};
			name = Debug;
		};
		9EA8207E1AAB15C800DEE6CA /* Release */ = {
			isa = XCBuildConfiguration;
			buildSettings = {
				ALWAYS_SEARCH_USER_PATHS = NO;
				CLANG_CXX_LANGUAGE_STANDARD = "gnu++0x";
				CLANG_CXX_LIBRARY = "libc++";
				CLANG_ENABLE_MODULES = YES;
				CLANG_ENABLE_OBJC_ARC = YES;
				CLANG_WARN_BOOL_CONVERSION = YES;
				CLANG_WARN_CONSTANT_CONVERSION = YES;
				CLANG_WARN_DIRECT_OBJC_ISA_USAGE = YES_ERROR;
				CLANG_WARN_EMPTY_BODY = YES;
				CLANG_WARN_ENUM_CONVERSION = YES;
				CLANG_WARN_INFINITE_RECURSION = YES;
				CLANG_WARN_INT_CONVERSION = YES;
				CLANG_WARN_OBJC_ROOT_CLASS = YES_ERROR;
				CLANG_WARN_SUSPICIOUS_MOVE = YES;
				CLANG_WARN_UNREACHABLE_CODE = YES;
				CLANG_WARN__DUPLICATE_METHOD_MATCH = YES;
				"CODE_SIGN_IDENTITY[sdk=iphoneos*]" = "iPhone Developer";
				COPY_PHASE_STRIP = YES;
				ENABLE_NS_ASSERTIONS = NO;
				ENABLE_STRICT_OBJC_MSGSEND = YES;
				GCC_C_LANGUAGE_STANDARD = gnu99;
				GCC_NO_COMMON_BLOCKS = YES;
				GCC_WARN_64_TO_32_BIT_CONVERSION = YES;
				GCC_WARN_ABOUT_RETURN_TYPE = YES_ERROR;
				GCC_WARN_UNDECLARED_SELECTOR = YES;
				GCC_WARN_UNINITIALIZED_AUTOS = YES_AGGRESSIVE;
				GCC_WARN_UNUSED_FUNCTION = YES;
				GCC_WARN_UNUSED_VARIABLE = YES;
				IPHONEOS_DEPLOYMENT_TARGET = 8.1;
				MTL_ENABLE_DEBUG_INFO = NO;
				SDKROOT = iphoneos;
				SWIFT_OPTIMIZATION_LEVEL = "-Owholemodule";
				VALIDATE_PRODUCT = YES;
			};
			name = Release;
		};
/* End XCBuildConfiguration section */

/* Begin XCConfigurationList section */
		176BC9981EE474D200F7B54C /* Build configuration list for PBXNativeTarget "SwiftSVGiOSTests" */ = {
			isa = XCConfigurationList;
			buildConfigurations = (
				176BC9991EE474D200F7B54C /* Debug */,
				176BC99A1EE474D200F7B54C /* Release */,
			);
			defaultConfigurationIsVisible = 0;
			defaultConfigurationName = Release;
		};
		396A8E571B3D2036001986AF /* Build configuration list for PBXNativeTarget "SwiftSVGMac" */ = {
			isa = XCConfigurationList;
			buildConfigurations = (
				396A8E581B3D2036001986AF /* Debug */,
				396A8E591B3D2036001986AF /* Release */,
			);
			defaultConfigurationIsVisible = 0;
			defaultConfigurationName = Release;
		};
		39B8D8A31B3C3284009DAF60 /* Build configuration list for PBXNativeTarget "SwiftSVGiOS" */ = {
			isa = XCConfigurationList;
			buildConfigurations = (
				39B8D89F1B3C3284009DAF60 /* Debug */,
				39B8D8A01B3C3284009DAF60 /* Release */,
			);
			defaultConfigurationIsVisible = 0;
			defaultConfigurationName = Release;
		};
		9EA8205B1AAB15C800DEE6CA /* Build configuration list for PBXProject "SwiftSVG" */ = {
			isa = XCConfigurationList;
			buildConfigurations = (
				9EA8207D1AAB15C800DEE6CA /* Debug */,
				9EA8207E1AAB15C800DEE6CA /* Release */,
			);
			defaultConfigurationIsVisible = 0;
			defaultConfigurationName = Release;
		};
/* End XCConfigurationList section */
	};
	rootObject = 9EA820581AAB15C800DEE6CA /* Project object */;
}
